// !$*UTF8*$!
{
	archiveVersion = 1;
	classes = {
	};
	objectVersion = 46;
	objects = {

/* Begin PBXBuildFile section */
		E50151811B98DD0F00B91738 /* main.m in Sources */ = {isa = PBXBuildFile; fileRef = E50151801B98DD0F00B91738 /* main.m */; };
		E50151841B98DD1000B91738 /* AppDelegate.m in Sources */ = {isa = PBXBuildFile; fileRef = E50151831B98DD1000B91738 /* AppDelegate.m */; };
		E50151871B98DD1000B91738 /* HeartRateViewController.m in Sources */ = {isa = PBXBuildFile; fileRef = E50151861B98DD1000B91738 /* HeartRateViewController.m */; };
		E501518A1B98DD1000B91738 /* Main.storyboard in Resources */ = {isa = PBXBuildFile; fileRef = E50151881B98DD1000B91738 /* Main.storyboard */; };
		E501518C1B98DD1000B91738 /* Images.xcassets in Resources */ = {isa = PBXBuildFile; fileRef = E501518B1B98DD1000B91738 /* Images.xcassets */; };
		E501518F1B98DD1000B91738 /* LaunchScreen.xib in Resources */ = {isa = PBXBuildFile; fileRef = E501518D1B98DD1000B91738 /* LaunchScreen.xib */; };
		E50151A21B98DD9C00B91738 /* CoreBluetooth.framework in Frameworks */ = {isa = PBXBuildFile; fileRef = 5F598E721AA636600071C70E /* CoreBluetooth.framework */; };
		E50151A31B98DDA500B91738 /* MicrosoftBandKit_iOS.framework in Frameworks */ = {isa = PBXBuildFile; fileRef = 5F598E741AA6366C0071C70E /* MicrosoftBandKit_iOS.framework */; };
		E50151AD1B98E67100B91738 /* main.m in Sources */ = {isa = PBXBuildFile; fileRef = E50151AC1B98E67100B91738 /* main.m */; };
		E50151B01B98E67100B91738 /* AppDelegate.m in Sources */ = {isa = PBXBuildFile; fileRef = E50151AF1B98E67100B91738 /* AppDelegate.m */; };
		E50151B31B98E67100B91738 /* GSRViewController.m in Sources */ = {isa = PBXBuildFile; fileRef = E50151B21B98E67100B91738 /* GSRViewController.m */; };
		E50151B61B98E67100B91738 /* Main.storyboard in Resources */ = {isa = PBXBuildFile; fileRef = E50151B41B98E67100B91738 /* Main.storyboard */; };
		E50151B81B98E67100B91738 /* Images.xcassets in Resources */ = {isa = PBXBuildFile; fileRef = E50151B71B98E67100B91738 /* Images.xcassets */; };
		E50151BB1B98E67100B91738 /* LaunchScreen.xib in Resources */ = {isa = PBXBuildFile; fileRef = E50151B91B98E67100B91738 /* LaunchScreen.xib */; };
		E50151CE1B98E79200B91738 /* CoreBluetooth.framework in Frameworks */ = {isa = PBXBuildFile; fileRef = 5F598E721AA636600071C70E /* CoreBluetooth.framework */; };
		E50151CF1B98E79500B91738 /* MicrosoftBandKit_iOS.framework in Frameworks */ = {isa = PBXBuildFile; fileRef = 5F598E741AA6366C0071C70E /* MicrosoftBandKit_iOS.framework */; };
		E50151D91B98F6A300B91738 /* main.m in Sources */ = {isa = PBXBuildFile; fileRef = E50151D81B98F6A300B91738 /* main.m */; };
		E50151DC1B98F6A300B91738 /* AppDelegate.m in Sources */ = {isa = PBXBuildFile; fileRef = E50151DB1B98F6A300B91738 /* AppDelegate.m */; };
		E50151E21B98F6A300B91738 /* Main.storyboard in Resources */ = {isa = PBXBuildFile; fileRef = E50151E01B98F6A300B91738 /* Main.storyboard */; };
		E50151E41B98F6A300B91738 /* Images.xcassets in Resources */ = {isa = PBXBuildFile; fileRef = E50151E31B98F6A300B91738 /* Images.xcassets */; };
		E50151E71B98F6A300B91738 /* LaunchScreen.xib in Resources */ = {isa = PBXBuildFile; fileRef = E50151E51B98F6A300B91738 /* LaunchScreen.xib */; };
		E50151FC1B98F7C000B91738 /* AccelerometerViewController.m in Sources */ = {isa = PBXBuildFile; fileRef = E50151FB1B98F7C000B91738 /* AccelerometerViewController.m */; };
		E501521D1B9A348B00B91738 /* main.m in Sources */ = {isa = PBXBuildFile; fileRef = E501521C1B9A348B00B91738 /* main.m */; };
		E50152201B9A348B00B91738 /* AppDelegate.m in Sources */ = {isa = PBXBuildFile; fileRef = E501521F1B9A348B00B91738 /* AppDelegate.m */; };
		E50152231B9A348B00B91738 /* BarometerViewController.m in Sources */ = {isa = PBXBuildFile; fileRef = E50152221B9A348B00B91738 /* BarometerViewController.m */; };
		E50152261B9A348B00B91738 /* Main.storyboard in Resources */ = {isa = PBXBuildFile; fileRef = E50152241B9A348B00B91738 /* Main.storyboard */; };
		E50152281B9A348B00B91738 /* Images.xcassets in Resources */ = {isa = PBXBuildFile; fileRef = E50152271B9A348B00B91738 /* Images.xcassets */; };
		E501522B1B9A348B00B91738 /* LaunchScreen.xib in Resources */ = {isa = PBXBuildFile; fileRef = E50152291B9A348B00B91738 /* LaunchScreen.xib */; };
		E501523F1B9A385D00B91738 /* CoreBluetooth.framework in Frameworks */ = {isa = PBXBuildFile; fileRef = 5F598E721AA636600071C70E /* CoreBluetooth.framework */; };
		E50152491B9A3D7000B91738 /* main.m in Sources */ = {isa = PBXBuildFile; fileRef = E50152481B9A3D7000B91738 /* main.m */; };
		E501524C1B9A3D7000B91738 /* AppDelegate.m in Sources */ = {isa = PBXBuildFile; fileRef = E501524B1B9A3D7000B91738 /* AppDelegate.m */; };
		E501524F1B9A3D7000B91738 /* AmbientLightViewController.m in Sources */ = {isa = PBXBuildFile; fileRef = E501524E1B9A3D7000B91738 /* AmbientLightViewController.m */; };
		E50152521B9A3D7000B91738 /* Main.storyboard in Resources */ = {isa = PBXBuildFile; fileRef = E50152501B9A3D7000B91738 /* Main.storyboard */; };
		E50152541B9A3D7000B91738 /* Images.xcassets in Resources */ = {isa = PBXBuildFile; fileRef = E50152531B9A3D7000B91738 /* Images.xcassets */; };
		E50152571B9A3D7000B91738 /* LaunchScreen.xib in Resources */ = {isa = PBXBuildFile; fileRef = E50152551B9A3D7000B91738 /* LaunchScreen.xib */; };
		E501526A1B9A3E0400B91738 /* CoreBluetooth.framework in Frameworks */ = {isa = PBXBuildFile; fileRef = 5F598E721AA636600071C70E /* CoreBluetooth.framework */; };
		E501526B1B9A3E0600B91738 /* MicrosoftBandKit_iOS.framework in Frameworks */ = {isa = PBXBuildFile; fileRef = 5F598E741AA6366C0071C70E /* MicrosoftBandKit_iOS.framework */; };
		E50152751B9A413000B91738 /* main.m in Sources */ = {isa = PBXBuildFile; fileRef = E50152741B9A413000B91738 /* main.m */; };
		E50152781B9A413000B91738 /* AppDelegate.m in Sources */ = {isa = PBXBuildFile; fileRef = E50152771B9A413000B91738 /* AppDelegate.m */; };
		E501527B1B9A413000B91738 /* AltimeterViewController.m in Sources */ = {isa = PBXBuildFile; fileRef = E501527A1B9A413000B91738 /* AltimeterViewController.m */; };
		E501527E1B9A413000B91738 /* Main.storyboard in Resources */ = {isa = PBXBuildFile; fileRef = E501527C1B9A413000B91738 /* Main.storyboard */; };
		E50152801B9A413000B91738 /* Images.xcassets in Resources */ = {isa = PBXBuildFile; fileRef = E501527F1B9A413000B91738 /* Images.xcassets */; };
		E50152831B9A413000B91738 /* LaunchScreen.xib in Resources */ = {isa = PBXBuildFile; fileRef = E50152811B9A413000B91738 /* LaunchScreen.xib */; };
		E501529F1B9A415000B91738 /* main.m in Sources */ = {isa = PBXBuildFile; fileRef = E501529E1B9A415000B91738 /* main.m */; };
		E50152A21B9A415000B91738 /* AppDelegate.m in Sources */ = {isa = PBXBuildFile; fileRef = E50152A11B9A415000B91738 /* AppDelegate.m */; };
		E50152A51B9A415000B91738 /* RRIntervalViewController.m in Sources */ = {isa = PBXBuildFile; fileRef = E50152A41B9A415000B91738 /* RRIntervalViewController.m */; };
		E50152A81B9A415000B91738 /* Main.storyboard in Resources */ = {isa = PBXBuildFile; fileRef = E50152A61B9A415000B91738 /* Main.storyboard */; };
		E50152AA1B9A415000B91738 /* Images.xcassets in Resources */ = {isa = PBXBuildFile; fileRef = E50152A91B9A415000B91738 /* Images.xcassets */; };
		E50152AD1B9A415000B91738 /* LaunchScreen.xib in Resources */ = {isa = PBXBuildFile; fileRef = E50152AB1B9A415000B91738 /* LaunchScreen.xib */; };
		E50152C01B9A416200B91738 /* CoreBluetooth.framework in Frameworks */ = {isa = PBXBuildFile; fileRef = 5F598E721AA636600071C70E /* CoreBluetooth.framework */; };
		E50152C11B9A416400B91738 /* MicrosoftBandKit_iOS.framework in Frameworks */ = {isa = PBXBuildFile; fileRef = 5F598E741AA6366C0071C70E /* MicrosoftBandKit_iOS.framework */; };
		E50152C21B9A416800B91738 /* CoreBluetooth.framework in Frameworks */ = {isa = PBXBuildFile; fileRef = 5F598E721AA636600071C70E /* CoreBluetooth.framework */; };
		E50152C31B9A416A00B91738 /* MicrosoftBandKit_iOS.framework in Frameworks */ = {isa = PBXBuildFile; fileRef = 5F598E741AA6366C0071C70E /* MicrosoftBandKit_iOS.framework */; };
		E5D0C1FF1BA22D3A00C27E50 /* MicrosoftBandKit_iOS.framework in Frameworks */ = {isa = PBXBuildFile; fileRef = 5F598E741AA6366C0071C70E /* MicrosoftBandKit_iOS.framework */; };
		E5D0C2001BA22DB200C27E50 /* CoreBluetooth.framework in Frameworks */ = {isa = PBXBuildFile; fileRef = 5F598E721AA636600071C70E /* CoreBluetooth.framework */; };
		E5D0C2011BA22DD400C27E50 /* MicrosoftBandKit_iOS.framework in Frameworks */ = {isa = PBXBuildFile; fileRef = 5F598E741AA6366C0071C70E /* MicrosoftBandKit_iOS.framework */; };
/* End PBXBuildFile section */

/* Begin PBXFileReference section */
		5F598E721AA636600071C70E /* CoreBluetooth.framework */ = {isa = PBXFileReference; lastKnownFileType = wrapper.framework; name = CoreBluetooth.framework; path = System/Library/Frameworks/CoreBluetooth.framework; sourceTree = SDKROOT; };
		5F598E741AA6366C0071C70E /* MicrosoftBandKit_iOS.framework */ = {isa = PBXFileReference; lastKnownFileType = wrapper.framework; name = MicrosoftBandKit_iOS.framework; path = ../MicrosoftBandKit_iOS.framework; sourceTree = "<group>"; };
		E501517C1B98DD0F00B91738 /* BandHeartRate.app */ = {isa = PBXFileReference; explicitFileType = wrapper.application; includeInIndex = 0; path = BandHeartRate.app; sourceTree = BUILT_PRODUCTS_DIR; };
		E501517F1B98DD0F00B91738 /* Info.plist */ = {isa = PBXFileReference; lastKnownFileType = text.plist.xml; path = Info.plist; sourceTree = "<group>"; };
		E50151801B98DD0F00B91738 /* main.m */ = {isa = PBXFileReference; lastKnownFileType = sourcecode.c.objc; path = main.m; sourceTree = "<group>"; };
		E50151821B98DD1000B91738 /* AppDelegate.h */ = {isa = PBXFileReference; lastKnownFileType = sourcecode.c.h; path = AppDelegate.h; sourceTree = "<group>"; };
		E50151831B98DD1000B91738 /* AppDelegate.m */ = {isa = PBXFileReference; lastKnownFileType = sourcecode.c.objc; path = AppDelegate.m; sourceTree = "<group>"; };
		E50151851B98DD1000B91738 /* HeartRateViewController.h */ = {isa = PBXFileReference; lastKnownFileType = sourcecode.c.h; path = HeartRateViewController.h; sourceTree = "<group>"; };
		E50151861B98DD1000B91738 /* HeartRateViewController.m */ = {isa = PBXFileReference; lastKnownFileType = sourcecode.c.objc; path = HeartRateViewController.m; sourceTree = "<group>"; };
		E50151891B98DD1000B91738 /* Base */ = {isa = PBXFileReference; lastKnownFileType = file.storyboard; name = Base; path = Base.lproj/Main.storyboard; sourceTree = "<group>"; };
		E501518B1B98DD1000B91738 /* Images.xcassets */ = {isa = PBXFileReference; lastKnownFileType = folder.assetcatalog; path = Images.xcassets; sourceTree = "<group>"; };
		E501518E1B98DD1000B91738 /* Base */ = {isa = PBXFileReference; lastKnownFileType = file.xib; name = Base; path = Base.lproj/LaunchScreen.xib; sourceTree = "<group>"; };
		E50151A81B98E67100B91738 /* BandGSR.app */ = {isa = PBXFileReference; explicitFileType = wrapper.application; includeInIndex = 0; path = BandGSR.app; sourceTree = BUILT_PRODUCTS_DIR; };
		E50151AB1B98E67100B91738 /* Info.plist */ = {isa = PBXFileReference; lastKnownFileType = text.plist.xml; path = Info.plist; sourceTree = "<group>"; };
		E50151AC1B98E67100B91738 /* main.m */ = {isa = PBXFileReference; lastKnownFileType = sourcecode.c.objc; path = main.m; sourceTree = "<group>"; };
		E50151AE1B98E67100B91738 /* AppDelegate.h */ = {isa = PBXFileReference; lastKnownFileType = sourcecode.c.h; path = AppDelegate.h; sourceTree = "<group>"; };
		E50151AF1B98E67100B91738 /* AppDelegate.m */ = {isa = PBXFileReference; lastKnownFileType = sourcecode.c.objc; path = AppDelegate.m; sourceTree = "<group>"; };
		E50151B11B98E67100B91738 /* GSRViewController.h */ = {isa = PBXFileReference; lastKnownFileType = sourcecode.c.h; path = GSRViewController.h; sourceTree = "<group>"; };
		E50151B21B98E67100B91738 /* GSRViewController.m */ = {isa = PBXFileReference; lastKnownFileType = sourcecode.c.objc; path = GSRViewController.m; sourceTree = "<group>"; };
		E50151B51B98E67100B91738 /* Base */ = {isa = PBXFileReference; lastKnownFileType = file.storyboard; name = Base; path = Base.lproj/Main.storyboard; sourceTree = "<group>"; };
		E50151B71B98E67100B91738 /* Images.xcassets */ = {isa = PBXFileReference; lastKnownFileType = folder.assetcatalog; path = Images.xcassets; sourceTree = "<group>"; };
		E50151BA1B98E67100B91738 /* Base */ = {isa = PBXFileReference; lastKnownFileType = file.xib; name = Base; path = Base.lproj/LaunchScreen.xib; sourceTree = "<group>"; };
		E50151D41B98F6A300B91738 /* BandAccelerometer.app */ = {isa = PBXFileReference; explicitFileType = wrapper.application; includeInIndex = 0; path = BandAccelerometer.app; sourceTree = BUILT_PRODUCTS_DIR; };
		E50151D71B98F6A300B91738 /* Info.plist */ = {isa = PBXFileReference; lastKnownFileType = text.plist.xml; path = Info.plist; sourceTree = "<group>"; };
		E50151D81B98F6A300B91738 /* main.m */ = {isa = PBXFileReference; lastKnownFileType = sourcecode.c.objc; path = main.m; sourceTree = "<group>"; };
		E50151DA1B98F6A300B91738 /* AppDelegate.h */ = {isa = PBXFileReference; lastKnownFileType = sourcecode.c.h; path = AppDelegate.h; sourceTree = "<group>"; };
		E50151DB1B98F6A300B91738 /* AppDelegate.m */ = {isa = PBXFileReference; lastKnownFileType = sourcecode.c.objc; path = AppDelegate.m; sourceTree = "<group>"; };
		E50151E11B98F6A300B91738 /* Base */ = {isa = PBXFileReference; lastKnownFileType = file.storyboard; name = Base; path = Base.lproj/Main.storyboard; sourceTree = "<group>"; };
		E50151E31B98F6A300B91738 /* Images.xcassets */ = {isa = PBXFileReference; lastKnownFileType = folder.assetcatalog; path = Images.xcassets; sourceTree = "<group>"; };
		E50151E61B98F6A300B91738 /* Base */ = {isa = PBXFileReference; lastKnownFileType = file.xib; name = Base; path = Base.lproj/LaunchScreen.xib; sourceTree = "<group>"; };
		E50151FA1B98F7C000B91738 /* AccelerometerViewController.h */ = {isa = PBXFileReference; fileEncoding = 4; lastKnownFileType = sourcecode.c.h; path = AccelerometerViewController.h; sourceTree = "<group>"; };
		E50151FB1B98F7C000B91738 /* AccelerometerViewController.m */ = {isa = PBXFileReference; fileEncoding = 4; lastKnownFileType = sourcecode.c.objc; path = AccelerometerViewController.m; sourceTree = "<group>"; };
		E50152181B9A348B00B91738 /* BandBarometer.app */ = {isa = PBXFileReference; explicitFileType = wrapper.application; includeInIndex = 0; path = BandBarometer.app; sourceTree = BUILT_PRODUCTS_DIR; };
		E501521B1B9A348B00B91738 /* Info.plist */ = {isa = PBXFileReference; lastKnownFileType = text.plist.xml; path = Info.plist; sourceTree = "<group>"; };
		E501521C1B9A348B00B91738 /* main.m */ = {isa = PBXFileReference; lastKnownFileType = sourcecode.c.objc; path = main.m; sourceTree = "<group>"; };
		E501521E1B9A348B00B91738 /* AppDelegate.h */ = {isa = PBXFileReference; lastKnownFileType = sourcecode.c.h; path = AppDelegate.h; sourceTree = "<group>"; };
		E501521F1B9A348B00B91738 /* AppDelegate.m */ = {isa = PBXFileReference; lastKnownFileType = sourcecode.c.objc; path = AppDelegate.m; sourceTree = "<group>"; };
		E50152211B9A348B00B91738 /* BarometerViewController.h */ = {isa = PBXFileReference; lastKnownFileType = sourcecode.c.h; path = BarometerViewController.h; sourceTree = "<group>"; };
		E50152221B9A348B00B91738 /* BarometerViewController.m */ = {isa = PBXFileReference; lastKnownFileType = sourcecode.c.objc; path = BarometerViewController.m; sourceTree = "<group>"; };
		E50152251B9A348B00B91738 /* Base */ = {isa = PBXFileReference; lastKnownFileType = file.storyboard; name = Base; path = Base.lproj/Main.storyboard; sourceTree = "<group>"; };
		E50152271B9A348B00B91738 /* Images.xcassets */ = {isa = PBXFileReference; lastKnownFileType = folder.assetcatalog; path = Images.xcassets; sourceTree = "<group>"; };
		E501522A1B9A348B00B91738 /* Base */ = {isa = PBXFileReference; lastKnownFileType = file.xib; name = Base; path = Base.lproj/LaunchScreen.xib; sourceTree = "<group>"; };
		E50152441B9A3D7000B91738 /* BandAmbientLight.app */ = {isa = PBXFileReference; explicitFileType = wrapper.application; includeInIndex = 0; path = BandAmbientLight.app; sourceTree = BUILT_PRODUCTS_DIR; };
		E50152471B9A3D7000B91738 /* Info.plist */ = {isa = PBXFileReference; lastKnownFileType = text.plist.xml; path = Info.plist; sourceTree = "<group>"; };
		E50152481B9A3D7000B91738 /* main.m */ = {isa = PBXFileReference; lastKnownFileType = sourcecode.c.objc; path = main.m; sourceTree = "<group>"; };
		E501524A1B9A3D7000B91738 /* AppDelegate.h */ = {isa = PBXFileReference; lastKnownFileType = sourcecode.c.h; path = AppDelegate.h; sourceTree = "<group>"; };
		E501524B1B9A3D7000B91738 /* AppDelegate.m */ = {isa = PBXFileReference; lastKnownFileType = sourcecode.c.objc; path = AppDelegate.m; sourceTree = "<group>"; };
		E501524D1B9A3D7000B91738 /* AmbientLightViewController.h */ = {isa = PBXFileReference; lastKnownFileType = sourcecode.c.h; path = AmbientLightViewController.h; sourceTree = "<group>"; };
		E501524E1B9A3D7000B91738 /* AmbientLightViewController.m */ = {isa = PBXFileReference; lastKnownFileType = sourcecode.c.objc; path = AmbientLightViewController.m; sourceTree = "<group>"; };
		E50152511B9A3D7000B91738 /* Base */ = {isa = PBXFileReference; lastKnownFileType = file.storyboard; name = Base; path = Base.lproj/Main.storyboard; sourceTree = "<group>"; };
		E50152531B9A3D7000B91738 /* Images.xcassets */ = {isa = PBXFileReference; lastKnownFileType = folder.assetcatalog; path = Images.xcassets; sourceTree = "<group>"; };
		E50152561B9A3D7000B91738 /* Base */ = {isa = PBXFileReference; lastKnownFileType = file.xib; name = Base; path = Base.lproj/LaunchScreen.xib; sourceTree = "<group>"; };
		E50152701B9A413000B91738 /* BandAltimeter.app */ = {isa = PBXFileReference; explicitFileType = wrapper.application; includeInIndex = 0; path = BandAltimeter.app; sourceTree = BUILT_PRODUCTS_DIR; };
		E50152731B9A413000B91738 /* Info.plist */ = {isa = PBXFileReference; lastKnownFileType = text.plist.xml; path = Info.plist; sourceTree = "<group>"; };
		E50152741B9A413000B91738 /* main.m */ = {isa = PBXFileReference; lastKnownFileType = sourcecode.c.objc; path = main.m; sourceTree = "<group>"; };
		E50152761B9A413000B91738 /* AppDelegate.h */ = {isa = PBXFileReference; lastKnownFileType = sourcecode.c.h; path = AppDelegate.h; sourceTree = "<group>"; };
		E50152771B9A413000B91738 /* AppDelegate.m */ = {isa = PBXFileReference; lastKnownFileType = sourcecode.c.objc; path = AppDelegate.m; sourceTree = "<group>"; };
		E50152791B9A413000B91738 /* AltimeterViewController.h */ = {isa = PBXFileReference; lastKnownFileType = sourcecode.c.h; path = AltimeterViewController.h; sourceTree = "<group>"; };
		E501527A1B9A413000B91738 /* AltimeterViewController.m */ = {isa = PBXFileReference; lastKnownFileType = sourcecode.c.objc; path = AltimeterViewController.m; sourceTree = "<group>"; };
		E501527D1B9A413000B91738 /* Base */ = {isa = PBXFileReference; lastKnownFileType = file.storyboard; name = Base; path = Base.lproj/Main.storyboard; sourceTree = "<group>"; };
		E501527F1B9A413000B91738 /* Images.xcassets */ = {isa = PBXFileReference; lastKnownFileType = folder.assetcatalog; path = Images.xcassets; sourceTree = "<group>"; };
		E50152821B9A413000B91738 /* Base */ = {isa = PBXFileReference; lastKnownFileType = file.xib; name = Base; path = Base.lproj/LaunchScreen.xib; sourceTree = "<group>"; };
		E501529A1B9A415000B91738 /* BandRRInterval.app */ = {isa = PBXFileReference; explicitFileType = wrapper.application; includeInIndex = 0; path = BandRRInterval.app; sourceTree = BUILT_PRODUCTS_DIR; };
		E501529D1B9A415000B91738 /* Info.plist */ = {isa = PBXFileReference; lastKnownFileType = text.plist.xml; path = Info.plist; sourceTree = "<group>"; };
		E501529E1B9A415000B91738 /* main.m */ = {isa = PBXFileReference; lastKnownFileType = sourcecode.c.objc; path = main.m; sourceTree = "<group>"; };
		E50152A01B9A415000B91738 /* AppDelegate.h */ = {isa = PBXFileReference; lastKnownFileType = sourcecode.c.h; path = AppDelegate.h; sourceTree = "<group>"; };
		E50152A11B9A415000B91738 /* AppDelegate.m */ = {isa = PBXFileReference; lastKnownFileType = sourcecode.c.objc; path = AppDelegate.m; sourceTree = "<group>"; };
		E50152A31B9A415000B91738 /* RRIntervalViewController.h */ = {isa = PBXFileReference; lastKnownFileType = sourcecode.c.h; path = RRIntervalViewController.h; sourceTree = "<group>"; };
		E50152A41B9A415000B91738 /* RRIntervalViewController.m */ = {isa = PBXFileReference; lastKnownFileType = sourcecode.c.objc; path = RRIntervalViewController.m; sourceTree = "<group>"; };
		E50152A71B9A415000B91738 /* Base */ = {isa = PBXFileReference; lastKnownFileType = file.storyboard; name = Base; path = Base.lproj/Main.storyboard; sourceTree = "<group>"; };
		E50152A91B9A415000B91738 /* Images.xcassets */ = {isa = PBXFileReference; lastKnownFileType = folder.assetcatalog; path = Images.xcassets; sourceTree = "<group>"; };
		E50152AC1B9A415000B91738 /* Base */ = {isa = PBXFileReference; lastKnownFileType = file.xib; name = Base; path = Base.lproj/LaunchScreen.xib; sourceTree = "<group>"; };
/* End PBXFileReference section */

/* Begin PBXFrameworksBuildPhase section */
		E50151791B98DD0F00B91738 /* Frameworks */ = {
			isa = PBXFrameworksBuildPhase;
			buildActionMask = 2147483647;
			files = (
				E50151A21B98DD9C00B91738 /* CoreBluetooth.framework in Frameworks */,
				E50151A31B98DDA500B91738 /* MicrosoftBandKit_iOS.framework in Frameworks */,
			);
			runOnlyForDeploymentPostprocessing = 0;
		};
		E50151A51B98E67100B91738 /* Frameworks */ = {
			isa = PBXFrameworksBuildPhase;
			buildActionMask = 2147483647;
			files = (
				E50151CE1B98E79200B91738 /* CoreBluetooth.framework in Frameworks */,
				E50151CF1B98E79500B91738 /* MicrosoftBandKit_iOS.framework in Frameworks */,
			);
			runOnlyForDeploymentPostprocessing = 0;
		};
		E50151D11B98F6A300B91738 /* Frameworks */ = {
			isa = PBXFrameworksBuildPhase;
			buildActionMask = 2147483647;
			files = (
				E5D0C2001BA22DB200C27E50 /* CoreBluetooth.framework in Frameworks */,
				E5D0C2011BA22DD400C27E50 /* MicrosoftBandKit_iOS.framework in Frameworks */,
			);
			runOnlyForDeploymentPostprocessing = 0;
		};
		E50152151B9A348B00B91738 /* Frameworks */ = {
			isa = PBXFrameworksBuildPhase;
			buildActionMask = 2147483647;
			files = (
				E501523F1B9A385D00B91738 /* CoreBluetooth.framework in Frameworks */,
				E5D0C1FF1BA22D3A00C27E50 /* MicrosoftBandKit_iOS.framework in Frameworks */,
			);
			runOnlyForDeploymentPostprocessing = 0;
		};
		E50152411B9A3D7000B91738 /* Frameworks */ = {
			isa = PBXFrameworksBuildPhase;
			buildActionMask = 2147483647;
			files = (
				E501526A1B9A3E0400B91738 /* CoreBluetooth.framework in Frameworks */,
				E501526B1B9A3E0600B91738 /* MicrosoftBandKit_iOS.framework in Frameworks */,
			);
			runOnlyForDeploymentPostprocessing = 0;
		};
		E501526D1B9A413000B91738 /* Frameworks */ = {
			isa = PBXFrameworksBuildPhase;
			buildActionMask = 2147483647;
			files = (
				E50152C21B9A416800B91738 /* CoreBluetooth.framework in Frameworks */,
				E50152C31B9A416A00B91738 /* MicrosoftBandKit_iOS.framework in Frameworks */,
			);
			runOnlyForDeploymentPostprocessing = 0;
		};
		E50152971B9A415000B91738 /* Frameworks */ = {
			isa = PBXFrameworksBuildPhase;
			buildActionMask = 2147483647;
			files = (
				E50152C01B9A416200B91738 /* CoreBluetooth.framework in Frameworks */,
				E50152C11B9A416400B91738 /* MicrosoftBandKit_iOS.framework in Frameworks */,
			);
			runOnlyForDeploymentPostprocessing = 0;
		};
/* End PBXFrameworksBuildPhase section */

/* Begin PBXGroup section */
		5F598E401AA635E80071C70E = {
			isa = PBXGroup;
			children = (
				5F598E761AA6368C0071C70E /* Framework */,
				E50151D51B98F6A300B91738 /* BandAccelerometer */,
				E50152711B9A413000B91738 /* BandAltimeter */,
				E50152451B9A3D7000B91738 /* BandAmbientLight */,
				E50152191B9A348B00B91738 /* BandBarometer */,
				E50151A91B98E67100B91738 /* BandGSR */,
				E501517D1B98DD0F00B91738 /* BandHeartRate */,
				E501529B1B9A415000B91738 /* BandRRInterval */,
				5F598E4A1AA635E80071C70E /* Products */,
			);
			sourceTree = "<group>";
		};
		5F598E4A1AA635E80071C70E /* Products */ = {
			isa = PBXGroup;
			children = (
				E501517C1B98DD0F00B91738 /* BandHeartRate.app */,
				E50151A81B98E67100B91738 /* BandGSR.app */,
				E50151D41B98F6A300B91738 /* BandAccelerometer.app */,
				E50152181B9A348B00B91738 /* BandBarometer.app */,
				E50152441B9A3D7000B91738 /* BandAmbientLight.app */,
				E50152701B9A413000B91738 /* BandAltimeter.app */,
				E501529A1B9A415000B91738 /* BandRRInterval.app */,
			);
			name = Products;
			sourceTree = "<group>";
		};
		5F598E761AA6368C0071C70E /* Framework */ = {
			isa = PBXGroup;
			children = (
				5F598E741AA6366C0071C70E /* MicrosoftBandKit_iOS.framework */,
				5F598E721AA636600071C70E /* CoreBluetooth.framework */,
			);
			name = Framework;
			sourceTree = "<group>";
		};
		E501517D1B98DD0F00B91738 /* BandHeartRate */ = {
			isa = PBXGroup;
			children = (
				E50151821B98DD1000B91738 /* AppDelegate.h */,
				E50151831B98DD1000B91738 /* AppDelegate.m */,
				E50151851B98DD1000B91738 /* HeartRateViewController.h */,
				E50151861B98DD1000B91738 /* HeartRateViewController.m */,
				E50151881B98DD1000B91738 /* Main.storyboard */,
				E501518B1B98DD1000B91738 /* Images.xcassets */,
				E501518D1B98DD1000B91738 /* LaunchScreen.xib */,
				E501517E1B98DD0F00B91738 /* Supporting Files */,
			);
			path = BandHeartRate;
			sourceTree = "<group>";
		};
		E501517E1B98DD0F00B91738 /* Supporting Files */ = {
			isa = PBXGroup;
			children = (
				E501517F1B98DD0F00B91738 /* Info.plist */,
				E50151801B98DD0F00B91738 /* main.m */,
			);
			name = "Supporting Files";
			sourceTree = "<group>";
		};
		E50151A91B98E67100B91738 /* BandGSR */ = {
			isa = PBXGroup;
			children = (
				E50151AE1B98E67100B91738 /* AppDelegate.h */,
				E50151AF1B98E67100B91738 /* AppDelegate.m */,
				E50151B11B98E67100B91738 /* GSRViewController.h */,
				E50151B21B98E67100B91738 /* GSRViewController.m */,
				E50151B41B98E67100B91738 /* Main.storyboard */,
				E50151B71B98E67100B91738 /* Images.xcassets */,
				E50151B91B98E67100B91738 /* LaunchScreen.xib */,
				E50151AA1B98E67100B91738 /* Supporting Files */,
			);
			path = BandGSR;
			sourceTree = "<group>";
		};
		E50151AA1B98E67100B91738 /* Supporting Files */ = {
			isa = PBXGroup;
			children = (
				E50151AB1B98E67100B91738 /* Info.plist */,
				E50151AC1B98E67100B91738 /* main.m */,
			);
			name = "Supporting Files";
			sourceTree = "<group>";
		};
		E50151D51B98F6A300B91738 /* BandAccelerometer */ = {
			isa = PBXGroup;
			children = (
				E50151DA1B98F6A300B91738 /* AppDelegate.h */,
				E50151DB1B98F6A300B91738 /* AppDelegate.m */,
				E50151FA1B98F7C000B91738 /* AccelerometerViewController.h */,
				E50151FB1B98F7C000B91738 /* AccelerometerViewController.m */,
				E50151E01B98F6A300B91738 /* Main.storyboard */,
				E50151E31B98F6A300B91738 /* Images.xcassets */,
				E50151E51B98F6A300B91738 /* LaunchScreen.xib */,
				E50151D61B98F6A300B91738 /* Supporting Files */,
			);
			path = BandAccelerometer;
			sourceTree = "<group>";
		};
		E50151D61B98F6A300B91738 /* Supporting Files */ = {
			isa = PBXGroup;
			children = (
				E50151D71B98F6A300B91738 /* Info.plist */,
				E50151D81B98F6A300B91738 /* main.m */,
			);
			name = "Supporting Files";
			sourceTree = "<group>";
		};
		E50152191B9A348B00B91738 /* BandBarometer */ = {
			isa = PBXGroup;
			children = (
				E501521E1B9A348B00B91738 /* AppDelegate.h */,
				E501521F1B9A348B00B91738 /* AppDelegate.m */,
				E50152211B9A348B00B91738 /* BarometerViewController.h */,
				E50152221B9A348B00B91738 /* BarometerViewController.m */,
				E50152241B9A348B00B91738 /* Main.storyboard */,
				E50152271B9A348B00B91738 /* Images.xcassets */,
				E50152291B9A348B00B91738 /* LaunchScreen.xib */,
				E501521A1B9A348B00B91738 /* Supporting Files */,
			);
			path = BandBarometer;
			sourceTree = "<group>";
		};
		E501521A1B9A348B00B91738 /* Supporting Files */ = {
			isa = PBXGroup;
			children = (
				E501521B1B9A348B00B91738 /* Info.plist */,
				E501521C1B9A348B00B91738 /* main.m */,
			);
			name = "Supporting Files";
			sourceTree = "<group>";
		};
		E50152451B9A3D7000B91738 /* BandAmbientLight */ = {
			isa = PBXGroup;
			children = (
				E501524A1B9A3D7000B91738 /* AppDelegate.h */,
				E501524B1B9A3D7000B91738 /* AppDelegate.m */,
				E501524D1B9A3D7000B91738 /* AmbientLightViewController.h */,
				E501524E1B9A3D7000B91738 /* AmbientLightViewController.m */,
				E50152501B9A3D7000B91738 /* Main.storyboard */,
				E50152531B9A3D7000B91738 /* Images.xcassets */,
				E50152551B9A3D7000B91738 /* LaunchScreen.xib */,
				E50152461B9A3D7000B91738 /* Supporting Files */,
			);
			path = BandAmbientLight;
			sourceTree = "<group>";
		};
		E50152461B9A3D7000B91738 /* Supporting Files */ = {
			isa = PBXGroup;
			children = (
				E50152471B9A3D7000B91738 /* Info.plist */,
				E50152481B9A3D7000B91738 /* main.m */,
			);
			name = "Supporting Files";
			sourceTree = "<group>";
		};
		E50152711B9A413000B91738 /* BandAltimeter */ = {
			isa = PBXGroup;
			children = (
				E50152761B9A413000B91738 /* AppDelegate.h */,
				E50152771B9A413000B91738 /* AppDelegate.m */,
				E50152791B9A413000B91738 /* AltimeterViewController.h */,
				E501527A1B9A413000B91738 /* AltimeterViewController.m */,
				E501527C1B9A413000B91738 /* Main.storyboard */,
				E501527F1B9A413000B91738 /* Images.xcassets */,
				E50152811B9A413000B91738 /* LaunchScreen.xib */,
				E50152721B9A413000B91738 /* Supporting Files */,
			);
			path = BandAltimeter;
			sourceTree = "<group>";
		};
		E50152721B9A413000B91738 /* Supporting Files */ = {
			isa = PBXGroup;
			children = (
				E50152731B9A413000B91738 /* Info.plist */,
				E50152741B9A413000B91738 /* main.m */,
			);
			name = "Supporting Files";
			sourceTree = "<group>";
		};
		E501529B1B9A415000B91738 /* BandRRInterval */ = {
			isa = PBXGroup;
			children = (
				E50152A01B9A415000B91738 /* AppDelegate.h */,
				E50152A11B9A415000B91738 /* AppDelegate.m */,
				E50152A31B9A415000B91738 /* RRIntervalViewController.h */,
				E50152A41B9A415000B91738 /* RRIntervalViewController.m */,
				E50152A61B9A415000B91738 /* Main.storyboard */,
				E50152A91B9A415000B91738 /* Images.xcassets */,
				E50152AB1B9A415000B91738 /* LaunchScreen.xib */,
				E501529C1B9A415000B91738 /* Supporting Files */,
			);
			path = BandRRInterval;
			sourceTree = "<group>";
		};
		E501529C1B9A415000B91738 /* Supporting Files */ = {
			isa = PBXGroup;
			children = (
				E501529D1B9A415000B91738 /* Info.plist */,
				E501529E1B9A415000B91738 /* main.m */,
			);
			name = "Supporting Files";
			sourceTree = "<group>";
		};
/* End PBXGroup section */

/* Begin PBXNativeTarget section */
		E501517B1B98DD0F00B91738 /* BandHeartRate */ = {
			isa = PBXNativeTarget;
			buildConfigurationList = E501519C1B98DD1000B91738 /* Build configuration list for PBXNativeTarget "BandHeartRate" */;
			buildPhases = (
				E50151781B98DD0F00B91738 /* Sources */,
				E50151791B98DD0F00B91738 /* Frameworks */,
				E501517A1B98DD0F00B91738 /* Resources */,
			);
			buildRules = (
			);
			dependencies = (
			);
			name = BandHeartRate;
			productName = BandHeartRate;
			productReference = E501517C1B98DD0F00B91738 /* BandHeartRate.app */;
			productType = "com.apple.product-type.application";
		};
		E50151A71B98E67100B91738 /* BandGSR */ = {
			isa = PBXNativeTarget;
			buildConfigurationList = E50151C81B98E67100B91738 /* Build configuration list for PBXNativeTarget "BandGSR" */;
			buildPhases = (
				E50151A41B98E67100B91738 /* Sources */,
				E50151A51B98E67100B91738 /* Frameworks */,
				E50151A61B98E67100B91738 /* Resources */,
			);
			buildRules = (
			);
			dependencies = (
			);
			name = BandGSR;
			productName = BandGSR;
			productReference = E50151A81B98E67100B91738 /* BandGSR.app */;
			productType = "com.apple.product-type.application";
		};
		E50151D31B98F6A300B91738 /* BandAccelerometer */ = {
			isa = PBXNativeTarget;
			buildConfigurationList = E50151F41B98F6A300B91738 /* Build configuration list for PBXNativeTarget "BandAccelerometer" */;
			buildPhases = (
				E50151D01B98F6A300B91738 /* Sources */,
				E50151D11B98F6A300B91738 /* Frameworks */,
				E50151D21B98F6A300B91738 /* Resources */,
			);
			buildRules = (
			);
			dependencies = (
			);
			name = BandAccelerometer;
			productName = BandAccelerometer;
			productReference = E50151D41B98F6A300B91738 /* BandAccelerometer.app */;
			productType = "com.apple.product-type.application";
		};
		E50152171B9A348B00B91738 /* BandBarometer */ = {
			isa = PBXNativeTarget;
			buildConfigurationList = E501523C1B9A348B00B91738 /* Build configuration list for PBXNativeTarget "BandBarometer" */;
			buildPhases = (
				E50152141B9A348B00B91738 /* Sources */,
				E50152151B9A348B00B91738 /* Frameworks */,
				E50152161B9A348B00B91738 /* Resources */,
			);
			buildRules = (
			);
			dependencies = (
			);
			name = BandBarometer;
			productName = BandBarometer;
			productReference = E50152181B9A348B00B91738 /* BandBarometer.app */;
			productType = "com.apple.product-type.application";
		};
		E50152431B9A3D7000B91738 /* BandAmbientLight */ = {
			isa = PBXNativeTarget;
			buildConfigurationList = E50152641B9A3D7000B91738 /* Build configuration list for PBXNativeTarget "BandAmbientLight" */;
			buildPhases = (
				E50152401B9A3D7000B91738 /* Sources */,
				E50152411B9A3D7000B91738 /* Frameworks */,
				E50152421B9A3D7000B91738 /* Resources */,
			);
			buildRules = (
			);
			dependencies = (
			);
			name = BandAmbientLight;
			productName = BandAmbientLight;
			productReference = E50152441B9A3D7000B91738 /* BandAmbientLight.app */;
			productType = "com.apple.product-type.application";
		};
		E501526F1B9A413000B91738 /* BandAltimeter */ = {
			isa = PBXNativeTarget;
			buildConfigurationList = E50152901B9A413000B91738 /* Build configuration list for PBXNativeTarget "BandAltimeter" */;
			buildPhases = (
				E501526C1B9A413000B91738 /* Sources */,
				E501526D1B9A413000B91738 /* Frameworks */,
				E501526E1B9A413000B91738 /* Resources */,
			);
			buildRules = (
			);
			dependencies = (
			);
			name = BandAltimeter;
			productName = BandAltimeter;
			productReference = E50152701B9A413000B91738 /* BandAltimeter.app */;
			productType = "com.apple.product-type.application";
		};
		E50152991B9A415000B91738 /* BandRRInterval */ = {
			isa = PBXNativeTarget;
			buildConfigurationList = E50152BA1B9A415000B91738 /* Build configuration list for PBXNativeTarget "BandRRInterval" */;
			buildPhases = (
				E50152961B9A415000B91738 /* Sources */,
				E50152971B9A415000B91738 /* Frameworks */,
				E50152981B9A415000B91738 /* Resources */,
			);
			buildRules = (
			);
			dependencies = (
			);
			name = BandRRInterval;
			productName = BandRRInterval;
			productReference = E501529A1B9A415000B91738 /* BandRRInterval.app */;
			productType = "com.apple.product-type.application";
		};
/* End PBXNativeTarget section */

/* Begin PBXProject section */
		5F598E411AA635E80071C70E /* Project object */ = {
			isa = PBXProject;
			attributes = {
				LastUpgradeCheck = 0610;
				ORGANIZATIONNAME = Microsoft;
				TargetAttributes = {
					E501517B1B98DD0F00B91738 = {
						CreatedOnToolsVersion = 6.4;
					};
					E50151A71B98E67100B91738 = {
						CreatedOnToolsVersion = 6.4;
					};
					E50151D31B98F6A300B91738 = {
						CreatedOnToolsVersion = 6.4;
					};
					E50152171B9A348B00B91738 = {
						CreatedOnToolsVersion = 6.4;
					};
					E50152431B9A3D7000B91738 = {
						CreatedOnToolsVersion = 6.4;
					};
					E501526F1B9A413000B91738 = {
						CreatedOnToolsVersion = 6.4;
					};
					E50152991B9A415000B91738 = {
						CreatedOnToolsVersion = 6.4;
					};
				};
			};
			buildConfigurationList = 5F598E441AA635E80071C70E /* Build configuration list for PBXProject "BandSensor" */;
			compatibilityVersion = "Xcode 3.2";
			developmentRegion = English;
			hasScannedForEncodings = 0;
			knownRegions = (
				en,
				Base,
			);
			mainGroup = 5F598E401AA635E80071C70E;
			productRefGroup = 5F598E4A1AA635E80071C70E /* Products */;
			projectDirPath = "";
			projectRoot = "";
			targets = (
				E50151D31B98F6A300B91738 /* BandAccelerometer */,
				E501526F1B9A413000B91738 /* BandAltimeter */,
				E50152431B9A3D7000B91738 /* BandAmbientLight */,
				E50152171B9A348B00B91738 /* BandBarometer */,
				E50151A71B98E67100B91738 /* BandGSR */,
				E501517B1B98DD0F00B91738 /* BandHeartRate */,
				E50152991B9A415000B91738 /* BandRRInterval */,
			);
		};
/* End PBXProject section */

/* Begin PBXResourcesBuildPhase section */
		E501517A1B98DD0F00B91738 /* Resources */ = {
			isa = PBXResourcesBuildPhase;
			buildActionMask = 2147483647;
			files = (
				E501518A1B98DD1000B91738 /* Main.storyboard in Resources */,
				E501518F1B98DD1000B91738 /* LaunchScreen.xib in Resources */,
				E501518C1B98DD1000B91738 /* Images.xcassets in Resources */,
			);
			runOnlyForDeploymentPostprocessing = 0;
		};
		E50151A61B98E67100B91738 /* Resources */ = {
			isa = PBXResourcesBuildPhase;
			buildActionMask = 2147483647;
			files = (
				E50151B61B98E67100B91738 /* Main.storyboard in Resources */,
				E50151BB1B98E67100B91738 /* LaunchScreen.xib in Resources */,
				E50151B81B98E67100B91738 /* Images.xcassets in Resources */,
			);
			runOnlyForDeploymentPostprocessing = 0;
		};
		E50151D21B98F6A300B91738 /* Resources */ = {
			isa = PBXResourcesBuildPhase;
			buildActionMask = 2147483647;
			files = (
				E50151E21B98F6A300B91738 /* Main.storyboard in Resources */,
				E50151E71B98F6A300B91738 /* LaunchScreen.xib in Resources */,
				E50151E41B98F6A300B91738 /* Images.xcassets in Resources */,
			);
			runOnlyForDeploymentPostprocessing = 0;
		};
		E50152161B9A348B00B91738 /* Resources */ = {
			isa = PBXResourcesBuildPhase;
			buildActionMask = 2147483647;
			files = (
				E50152261B9A348B00B91738 /* Main.storyboard in Resources */,
				E501522B1B9A348B00B91738 /* LaunchScreen.xib in Resources */,
				E50152281B9A348B00B91738 /* Images.xcassets in Resources */,
			);
			runOnlyForDeploymentPostprocessing = 0;
		};
		E50152421B9A3D7000B91738 /* Resources */ = {
			isa = PBXResourcesBuildPhase;
			buildActionMask = 2147483647;
			files = (
				E50152521B9A3D7000B91738 /* Main.storyboard in Resources */,
				E50152571B9A3D7000B91738 /* LaunchScreen.xib in Resources */,
				E50152541B9A3D7000B91738 /* Images.xcassets in Resources */,
			);
			runOnlyForDeploymentPostprocessing = 0;
		};
		E501526E1B9A413000B91738 /* Resources */ = {
			isa = PBXResourcesBuildPhase;
			buildActionMask = 2147483647;
			files = (
				E501527E1B9A413000B91738 /* Main.storyboard in Resources */,
				E50152831B9A413000B91738 /* LaunchScreen.xib in Resources */,
				E50152801B9A413000B91738 /* Images.xcassets in Resources */,
			);
			runOnlyForDeploymentPostprocessing = 0;
		};
		E50152981B9A415000B91738 /* Resources */ = {
			isa = PBXResourcesBuildPhase;
			buildActionMask = 2147483647;
			files = (
				E50152A81B9A415000B91738 /* Main.storyboard in Resources */,
				E50152AD1B9A415000B91738 /* LaunchScreen.xib in Resources */,
				E50152AA1B9A415000B91738 /* Images.xcassets in Resources */,
			);
			runOnlyForDeploymentPostprocessing = 0;
		};
/* End PBXResourcesBuildPhase section */

/* Begin PBXSourcesBuildPhase section */
		E50151781B98DD0F00B91738 /* Sources */ = {
			isa = PBXSourcesBuildPhase;
			buildActionMask = 2147483647;
			files = (
				E50151871B98DD1000B91738 /* HeartRateViewController.m in Sources */,
				E50151841B98DD1000B91738 /* AppDelegate.m in Sources */,
				E50151811B98DD0F00B91738 /* main.m in Sources */,
			);
			runOnlyForDeploymentPostprocessing = 0;
		};
		E50151A41B98E67100B91738 /* Sources */ = {
			isa = PBXSourcesBuildPhase;
			buildActionMask = 2147483647;
			files = (
				E50151B31B98E67100B91738 /* GSRViewController.m in Sources */,
				E50151B01B98E67100B91738 /* AppDelegate.m in Sources */,
				E50151AD1B98E67100B91738 /* main.m in Sources */,
			);
			runOnlyForDeploymentPostprocessing = 0;
		};
		E50151D01B98F6A300B91738 /* Sources */ = {
			isa = PBXSourcesBuildPhase;
			buildActionMask = 2147483647;
			files = (
				E50151FC1B98F7C000B91738 /* AccelerometerViewController.m in Sources */,
				E50151DC1B98F6A300B91738 /* AppDelegate.m in Sources */,
				E50151D91B98F6A300B91738 /* main.m in Sources */,
			);
			runOnlyForDeploymentPostprocessing = 0;
		};
		E50152141B9A348B00B91738 /* Sources */ = {
			isa = PBXSourcesBuildPhase;
			buildActionMask = 2147483647;
			files = (
				E50152231B9A348B00B91738 /* BarometerViewController.m in Sources */,
				E50152201B9A348B00B91738 /* AppDelegate.m in Sources */,
				E501521D1B9A348B00B91738 /* main.m in Sources */,
			);
			runOnlyForDeploymentPostprocessing = 0;
		};
		E50152401B9A3D7000B91738 /* Sources */ = {
			isa = PBXSourcesBuildPhase;
			buildActionMask = 2147483647;
			files = (
				E501524F1B9A3D7000B91738 /* AmbientLightViewController.m in Sources */,
				E501524C1B9A3D7000B91738 /* AppDelegate.m in Sources */,
				E50152491B9A3D7000B91738 /* main.m in Sources */,
			);
			runOnlyForDeploymentPostprocessing = 0;
		};
		E501526C1B9A413000B91738 /* Sources */ = {
			isa = PBXSourcesBuildPhase;
			buildActionMask = 2147483647;
			files = (
				E501527B1B9A413000B91738 /* AltimeterViewController.m in Sources */,
				E50152781B9A413000B91738 /* AppDelegate.m in Sources */,
				E50152751B9A413000B91738 /* main.m in Sources */,
			);
			runOnlyForDeploymentPostprocessing = 0;
		};
		E50152961B9A415000B91738 /* Sources */ = {
			isa = PBXSourcesBuildPhase;
			buildActionMask = 2147483647;
			files = (
				E50152A51B9A415000B91738 /* RRIntervalViewController.m in Sources */,
				E50152A21B9A415000B91738 /* AppDelegate.m in Sources */,
				E501529F1B9A415000B91738 /* main.m in Sources */,
			);
			runOnlyForDeploymentPostprocessing = 0;
		};
/* End PBXSourcesBuildPhase section */

/* Begin PBXVariantGroup section */
		E50151881B98DD1000B91738 /* Main.storyboard */ = {
			isa = PBXVariantGroup;
			children = (
				E50151891B98DD1000B91738 /* Base */,
			);
			name = Main.storyboard;
			sourceTree = "<group>";
		};
		E501518D1B98DD1000B91738 /* LaunchScreen.xib */ = {
			isa = PBXVariantGroup;
			children = (
				E501518E1B98DD1000B91738 /* Base */,
			);
			name = LaunchScreen.xib;
			sourceTree = "<group>";
		};
		E50151B41B98E67100B91738 /* Main.storyboard */ = {
			isa = PBXVariantGroup;
			children = (
				E50151B51B98E67100B91738 /* Base */,
			);
			name = Main.storyboard;
			sourceTree = "<group>";
		};
		E50151B91B98E67100B91738 /* LaunchScreen.xib */ = {
			isa = PBXVariantGroup;
			children = (
				E50151BA1B98E67100B91738 /* Base */,
			);
			name = LaunchScreen.xib;
			sourceTree = "<group>";
		};
		E50151E01B98F6A300B91738 /* Main.storyboard */ = {
			isa = PBXVariantGroup;
			children = (
				E50151E11B98F6A300B91738 /* Base */,
			);
			name = Main.storyboard;
			sourceTree = "<group>";
		};
		E50151E51B98F6A300B91738 /* LaunchScreen.xib */ = {
			isa = PBXVariantGroup;
			children = (
				E50151E61B98F6A300B91738 /* Base */,
			);
			name = LaunchScreen.xib;
			sourceTree = "<group>";
		};
		E50152241B9A348B00B91738 /* Main.storyboard */ = {
			isa = PBXVariantGroup;
			children = (
				E50152251B9A348B00B91738 /* Base */,
			);
			name = Main.storyboard;
			sourceTree = "<group>";
		};
		E50152291B9A348B00B91738 /* LaunchScreen.xib */ = {
			isa = PBXVariantGroup;
			children = (
				E501522A1B9A348B00B91738 /* Base */,
			);
			name = LaunchScreen.xib;
			sourceTree = "<group>";
		};
		E50152501B9A3D7000B91738 /* Main.storyboard */ = {
			isa = PBXVariantGroup;
			children = (
				E50152511B9A3D7000B91738 /* Base */,
			);
			name = Main.storyboard;
			sourceTree = "<group>";
		};
		E50152551B9A3D7000B91738 /* LaunchScreen.xib */ = {
			isa = PBXVariantGroup;
			children = (
				E50152561B9A3D7000B91738 /* Base */,
			);
			name = LaunchScreen.xib;
			sourceTree = "<group>";
		};
		E501527C1B9A413000B91738 /* Main.storyboard */ = {
			isa = PBXVariantGroup;
			children = (
				E501527D1B9A413000B91738 /* Base */,
			);
			name = Main.storyboard;
			sourceTree = "<group>";
		};
		E50152811B9A413000B91738 /* LaunchScreen.xib */ = {
			isa = PBXVariantGroup;
			children = (
				E50152821B9A413000B91738 /* Base */,
			);
			name = LaunchScreen.xib;
			sourceTree = "<group>";
		};
		E50152A61B9A415000B91738 /* Main.storyboard */ = {
			isa = PBXVariantGroup;
			children = (
				E50152A71B9A415000B91738 /* Base */,
			);
			name = Main.storyboard;
			sourceTree = "<group>";
		};
		E50152AB1B9A415000B91738 /* LaunchScreen.xib */ = {
			isa = PBXVariantGroup;
			children = (
				E50152AC1B9A415000B91738 /* Base */,
			);
			name = LaunchScreen.xib;
			sourceTree = "<group>";
		};
/* End PBXVariantGroup section */

/* Begin XCBuildConfiguration section */
		5F598E6A1AA635E90071C70E /* Debug */ = {
			isa = XCBuildConfiguration;
			buildSettings = {
				ALWAYS_SEARCH_USER_PATHS = NO;
				CLANG_CXX_LANGUAGE_STANDARD = "gnu++0x";
				CLANG_CXX_LIBRARY = "libc++";
				CLANG_ENABLE_MODULES = YES;
				CLANG_ENABLE_OBJC_ARC = YES;
				CLANG_WARN_BOOL_CONVERSION = YES;
				CLANG_WARN_CONSTANT_CONVERSION = YES;
				CLANG_WARN_DIRECT_OBJC_ISA_USAGE = YES_ERROR;
				CLANG_WARN_EMPTY_BODY = YES;
				CLANG_WARN_ENUM_CONVERSION = YES;
				CLANG_WARN_INT_CONVERSION = YES;
				CLANG_WARN_OBJC_ROOT_CLASS = YES_ERROR;
				CLANG_WARN_UNREACHABLE_CODE = YES;
				CLANG_WARN__DUPLICATE_METHOD_MATCH = YES;
				"CODE_SIGN_IDENTITY[sdk=iphoneos*]" = "iPhone Developer";
				COPY_PHASE_STRIP = NO;
				ENABLE_BITCODE = NO;
				ENABLE_STRICT_OBJC_MSGSEND = YES;
				GCC_C_LANGUAGE_STANDARD = gnu99;
				GCC_DYNAMIC_NO_PIC = NO;
				GCC_OPTIMIZATION_LEVEL = 0;
				GCC_PREPROCESSOR_DEFINITIONS = (
					"DEBUG=1",
					"$(inherited)",
				);
				GCC_SYMBOLS_PRIVATE_EXTERN = NO;
				GCC_WARN_64_TO_32_BIT_CONVERSION = YES;
				GCC_WARN_ABOUT_RETURN_TYPE = YES_ERROR;
				GCC_WARN_UNDECLARED_SELECTOR = YES;
				GCC_WARN_UNINITIALIZED_AUTOS = YES_AGGRESSIVE;
				GCC_WARN_UNUSED_FUNCTION = YES;
				GCC_WARN_UNUSED_VARIABLE = YES;
				IPHONEOS_DEPLOYMENT_TARGET = 8.1;
				MTL_ENABLE_DEBUG_INFO = YES;
				ONLY_ACTIVE_ARCH = YES;
				SDKROOT = iphoneos;
			};
			name = Debug;
		};
		5F598E6B1AA635E90071C70E /* Release */ = {
			isa = XCBuildConfiguration;
			buildSettings = {
				ALWAYS_SEARCH_USER_PATHS = NO;
				CLANG_CXX_LANGUAGE_STANDARD = "gnu++0x";
				CLANG_CXX_LIBRARY = "libc++";
				CLANG_ENABLE_MODULES = YES;
				CLANG_ENABLE_OBJC_ARC = YES;
				CLANG_WARN_BOOL_CONVERSION = YES;
				CLANG_WARN_CONSTANT_CONVERSION = YES;
				CLANG_WARN_DIRECT_OBJC_ISA_USAGE = YES_ERROR;
				CLANG_WARN_EMPTY_BODY = YES;
				CLANG_WARN_ENUM_CONVERSION = YES;
				CLANG_WARN_INT_CONVERSION = YES;
				CLANG_WARN_OBJC_ROOT_CLASS = YES_ERROR;
				CLANG_WARN_UNREACHABLE_CODE = YES;
				CLANG_WARN__DUPLICATE_METHOD_MATCH = YES;
				"CODE_SIGN_IDENTITY[sdk=iphoneos*]" = "iPhone Developer";
				COPY_PHASE_STRIP = YES;
				ENABLE_BITCODE = NO;
				ENABLE_NS_ASSERTIONS = NO;
				ENABLE_STRICT_OBJC_MSGSEND = YES;
				GCC_C_LANGUAGE_STANDARD = gnu99;
				GCC_WARN_64_TO_32_BIT_CONVERSION = YES;
				GCC_WARN_ABOUT_RETURN_TYPE = YES_ERROR;
				GCC_WARN_UNDECLARED_SELECTOR = YES;
				GCC_WARN_UNINITIALIZED_AUTOS = YES_AGGRESSIVE;
				GCC_WARN_UNUSED_FUNCTION = YES;
				GCC_WARN_UNUSED_VARIABLE = YES;
				IPHONEOS_DEPLOYMENT_TARGET = 8.1;
				MTL_ENABLE_DEBUG_INFO = NO;
				SDKROOT = iphoneos;
				VALIDATE_PRODUCT = YES;
			};
			name = Release;
		};
		E501519D1B98DD1000B91738 /* Debug */ = {
			isa = XCBuildConfiguration;
			buildSettings = {
				ASSETCATALOG_COMPILER_APPICON_NAME = AppIcon;
				DEBUG_INFORMATION_FORMAT = "dwarf-with-dsym";
				FRAMEWORK_SEARCH_PATHS = (
					"${SRCROOT}/../",
					"$(inherited)",
				);
				GCC_NO_COMMON_BLOCKS = YES;
				GCC_PREPROCESSOR_DEFINITIONS = (
					"DEBUG=1",
					"$(inherited)",
				);
				INFOPLIST_FILE = BandHeartRate/Info.plist;
				IPHONEOS_DEPLOYMENT_TARGET = 7.0;
				LD_RUNPATH_SEARCH_PATHS = "$(inherited) @executable_path/Frameworks";
				PRODUCT_NAME = "$(TARGET_NAME)";
			};
			name = Debug;
		};
		E501519E1B98DD1000B91738 /* Release */ = {
			isa = XCBuildConfiguration;
			buildSettings = {
				ASSETCATALOG_COMPILER_APPICON_NAME = AppIcon;
				COPY_PHASE_STRIP = NO;
				DEBUG_INFORMATION_FORMAT = "dwarf-with-dsym";
				FRAMEWORK_SEARCH_PATHS = (
					"${SRCROOT}/../",
					"$(inherited)",
				);
				GCC_NO_COMMON_BLOCKS = YES;
				INFOPLIST_FILE = BandHeartRate/Info.plist;
				IPHONEOS_DEPLOYMENT_TARGET = 7.0;
				LD_RUNPATH_SEARCH_PATHS = "$(inherited) @executable_path/Frameworks";
				PRODUCT_NAME = "$(TARGET_NAME)";
			};
			name = Release;
		};
		E50151C91B98E67100B91738 /* Debug */ = {
			isa = XCBuildConfiguration;
			buildSettings = {
				ASSETCATALOG_COMPILER_APPICON_NAME = AppIcon;
				DEBUG_INFORMATION_FORMAT = "dwarf-with-dsym";
				FRAMEWORK_SEARCH_PATHS = (
					"${SRCROOT}/../",
					"$(inherited)",
				);
				GCC_NO_COMMON_BLOCKS = YES;
				GCC_PREPROCESSOR_DEFINITIONS = (
					"DEBUG=1",
					"$(inherited)",
				);
				INFOPLIST_FILE = BandGSR/Info.plist;
				IPHONEOS_DEPLOYMENT_TARGET = 7.0;
				LD_RUNPATH_SEARCH_PATHS = "$(inherited) @executable_path/Frameworks";
				PRODUCT_NAME = "$(TARGET_NAME)";
			};
			name = Debug;
		};
		E50151CA1B98E67100B91738 /* Release */ = {
			isa = XCBuildConfiguration;
			buildSettings = {
				ASSETCATALOG_COMPILER_APPICON_NAME = AppIcon;
				COPY_PHASE_STRIP = NO;
				DEBUG_INFORMATION_FORMAT = "dwarf-with-dsym";
				FRAMEWORK_SEARCH_PATHS = (
					"${SRCROOT}/../",
					"$(inherited)",
				);
				GCC_NO_COMMON_BLOCKS = YES;
				INFOPLIST_FILE = BandGSR/Info.plist;
				IPHONEOS_DEPLOYMENT_TARGET = 7.0;
				LD_RUNPATH_SEARCH_PATHS = "$(inherited) @executable_path/Frameworks";
				PRODUCT_NAME = "$(TARGET_NAME)";
			};
			name = Release;
		};
		E50151F51B98F6A300B91738 /* Debug */ = {
			isa = XCBuildConfiguration;
			buildSettings = {
				ASSETCATALOG_COMPILER_APPICON_NAME = AppIcon;
				DEBUG_INFORMATION_FORMAT = "dwarf-with-dsym";
				ENABLE_BITCODE = NO;
				FRAMEWORK_SEARCH_PATHS = (
					"$(inherited)",
					"${SRCROOT}/../",
				);
				GCC_NO_COMMON_BLOCKS = YES;
				GCC_PREPROCESSOR_DEFINITIONS = (
					"DEBUG=1",
					"$(inherited)",
				);
				INFOPLIST_FILE = BandAccelerometer/Info.plist;
				IPHONEOS_DEPLOYMENT_TARGET = 7.0;
				LD_RUNPATH_SEARCH_PATHS = "$(inherited) @executable_path/Frameworks";
				PRODUCT_NAME = "$(TARGET_NAME)";
			};
			name = Debug;
		};
		E50151F61B98F6A300B91738 /* Release */ = {
			isa = XCBuildConfiguration;
			buildSettings = {
				ASSETCATALOG_COMPILER_APPICON_NAME = AppIcon;
				COPY_PHASE_STRIP = NO;
				DEBUG_INFORMATION_FORMAT = "dwarf-with-dsym";
				ENABLE_BITCODE = NO;
				FRAMEWORK_SEARCH_PATHS = (
					"$(inherited)",
					"${SRCROOT}/../",
				);
				GCC_NO_COMMON_BLOCKS = YES;
				INFOPLIST_FILE = BandAccelerometer/Info.plist;
				IPHONEOS_DEPLOYMENT_TARGET = 7.0;
				LD_RUNPATH_SEARCH_PATHS = "$(inherited) @executable_path/Frameworks";
				PRODUCT_NAME = "$(TARGET_NAME)";
			};
			name = Release;
		};
		E50152381B9A348B00B91738 /* Debug */ = {
			isa = XCBuildConfiguration;
			buildSettings = {
				ASSETCATALOG_COMPILER_APPICON_NAME = AppIcon;
				DEBUG_INFORMATION_FORMAT = "dwarf-with-dsym";
				FRAMEWORK_SEARCH_PATHS = (
					"$(inherited)",
					"${SRCROOT}/../",
				);
				GCC_NO_COMMON_BLOCKS = YES;
				GCC_PREPROCESSOR_DEFINITIONS = (
					"DEBUG=1",
					"$(inherited)",
				);
				INFOPLIST_FILE = BandBarometer/Info.plist;
				IPHONEOS_DEPLOYMENT_TARGET = 7.0;
				LD_RUNPATH_SEARCH_PATHS = "$(inherited) @executable_path/Frameworks";
				PRODUCT_NAME = "$(TARGET_NAME)";
			};
			name = Debug;
		};
		E50152391B9A348B00B91738 /* Release */ = {
			isa = XCBuildConfiguration;
			buildSettings = {
				ASSETCATALOG_COMPILER_APPICON_NAME = AppIcon;
				COPY_PHASE_STRIP = NO;
				DEBUG_INFORMATION_FORMAT = "dwarf-with-dsym";
				FRAMEWORK_SEARCH_PATHS = (
					"$(inherited)",
					"${SRCROOT}/../",
				);
				GCC_NO_COMMON_BLOCKS = YES;
				INFOPLIST_FILE = BandBarometer/Info.plist;
				IPHONEOS_DEPLOYMENT_TARGET = 7.0;
				LD_RUNPATH_SEARCH_PATHS = "$(inherited) @executable_path/Frameworks";
				PRODUCT_NAME = "$(TARGET_NAME)";
			};
			name = Release;
		};
		E50152651B9A3D7000B91738 /* Debug */ = {
			isa = XCBuildConfiguration;
			buildSettings = {
				ASSETCATALOG_COMPILER_APPICON_NAME = AppIcon;
				DEBUG_INFORMATION_FORMAT = "dwarf-with-dsym";
				FRAMEWORK_SEARCH_PATHS = (
					"${SRCROOT}/../",
					"$(inherited)",
				);
				GCC_NO_COMMON_BLOCKS = YES;
				GCC_PREPROCESSOR_DEFINITIONS = (
					"DEBUG=1",
					"$(inherited)",
				);
				INFOPLIST_FILE = BandAmbientLight/Info.plist;
				IPHONEOS_DEPLOYMENT_TARGET = 7.0;
				LD_RUNPATH_SEARCH_PATHS = "$(inherited) @executable_path/Frameworks";
				PRODUCT_NAME = "$(TARGET_NAME)";
			};
			name = Debug;
		};
		E50152661B9A3D7000B91738 /* Release */ = {
			isa = XCBuildConfiguration;
			buildSettings = {
				ASSETCATALOG_COMPILER_APPICON_NAME = AppIcon;
				COPY_PHASE_STRIP = NO;
				DEBUG_INFORMATION_FORMAT = "dwarf-with-dsym";
				FRAMEWORK_SEARCH_PATHS = (
					"${SRCROOT}/../",
					"$(inherited)",
				);
				GCC_NO_COMMON_BLOCKS = YES;
				INFOPLIST_FILE = BandAmbientLight/Info.plist;
				IPHONEOS_DEPLOYMENT_TARGET = 7.0;
				LD_RUNPATH_SEARCH_PATHS = "$(inherited) @executable_path/Frameworks";
				PRODUCT_NAME = "$(TARGET_NAME)";
			};
			name = Release;
		};
		E50152911B9A413000B91738 /* Debug */ = {
			isa = XCBuildConfiguration;
			buildSettings = {
				ASSETCATALOG_COMPILER_APPICON_NAME = AppIcon;
				DEBUG_INFORMATION_FORMAT = "dwarf-with-dsym";
				FRAMEWORK_SEARCH_PATHS = (
					"${SRCROOT}/../",
					"$(inherited)",
				);
				GCC_NO_COMMON_BLOCKS = YES;
				GCC_PREPROCESSOR_DEFINITIONS = (
					"DEBUG=1",
					"$(inherited)",
				);
				INFOPLIST_FILE = BandAltimeter/Info.plist;
				IPHONEOS_DEPLOYMENT_TARGET = 7.0;
				LD_RUNPATH_SEARCH_PATHS = "$(inherited) @executable_path/Frameworks";
				PRODUCT_NAME = "$(TARGET_NAME)";
			};
			name = Debug;
		};
		E50152921B9A413000B91738 /* Release */ = {
			isa = XCBuildConfiguration;
			buildSettings = {
				ASSETCATALOG_COMPILER_APPICON_NAME = AppIcon;
				COPY_PHASE_STRIP = NO;
				DEBUG_INFORMATION_FORMAT = "dwarf-with-dsym";
				FRAMEWORK_SEARCH_PATHS = (
					"${SRCROOT}/../",
					"$(inherited)",
				);
				GCC_NO_COMMON_BLOCKS = YES;
				INFOPLIST_FILE = BandAltimeter/Info.plist;
				IPHONEOS_DEPLOYMENT_TARGET = 7.0;
				LD_RUNPATH_SEARCH_PATHS = "$(inherited) @executable_path/Frameworks";
				PRODUCT_NAME = "$(TARGET_NAME)";
			};
			name = Release;
		};
		E50152BB1B9A415000B91738 /* Debug */ = {
			isa = XCBuildConfiguration;
			buildSettings = {
				ASSETCATALOG_COMPILER_APPICON_NAME = AppIcon;
				DEBUG_INFORMATION_FORMAT = "dwarf-with-dsym";
				FRAMEWORK_SEARCH_PATHS = (
					"${SRCROOT}/../",
					"$(inherited)",
				);
				GCC_NO_COMMON_BLOCKS = YES;
				GCC_PREPROCESSOR_DEFINITIONS = (
					"DEBUG=1",
					"$(inherited)",
				);
				INFOPLIST_FILE = BandRRInterval/Info.plist;
				IPHONEOS_DEPLOYMENT_TARGET = 7.0;
				LD_RUNPATH_SEARCH_PATHS = "$(inherited) @executable_path/Frameworks";
				PRODUCT_NAME = "$(TARGET_NAME)";
			};
			name = Debug;
		};
		E50152BC1B9A415000B91738 /* Release */ = {
			isa = XCBuildConfiguration;
			buildSettings = {
				ASSETCATALOG_COMPILER_APPICON_NAME = AppIcon;
				COPY_PHASE_STRIP = NO;
				DEBUG_INFORMATION_FORMAT = "dwarf-with-dsym";
				FRAMEWORK_SEARCH_PATHS = (
					"${SRCROOT}/../",
					"$(inherited)",
				);
				GCC_NO_COMMON_BLOCKS = YES;
				INFOPLIST_FILE = BandRRInterval/Info.plist;
				IPHONEOS_DEPLOYMENT_TARGET = 7.0;
				LD_RUNPATH_SEARCH_PATHS = "$(inherited) @executable_path/Frameworks";
				PRODUCT_NAME = "$(TARGET_NAME)";
			};
			name = Release;
		};
/* End XCBuildConfiguration section */

/* Begin XCConfigurationList section */
		5F598E441AA635E80071C70E /* Build configuration list for PBXProject "BandSensor" */ = {
			isa = XCConfigurationList;
			buildConfigurations = (
				5F598E6A1AA635E90071C70E /* Debug */,
				5F598E6B1AA635E90071C70E /* Release */,
			);
			defaultConfigurationIsVisible = 0;
			defaultConfigurationName = Release;
		};
		E501519C1B98DD1000B91738 /* Build configuration list for PBXNativeTarget "BandHeartRate" */ = {
			isa = XCConfigurationList;
			buildConfigurations = (
				E501519D1B98DD1000B91738 /* Debug */,
				E501519E1B98DD1000B91738 /* Release */,
			);
			defaultConfigurationIsVisible = 0;
			defaultConfigurationName = Release;
		};
		E50151C81B98E67100B91738 /* Build configuration list for PBXNativeTarget "BandGSR" */ = {
			isa = XCConfigurationList;
			buildConfigurations = (
				E50151C91B98E67100B91738 /* Debug */,
				E50151CA1B98E67100B91738 /* Release */,
			);
			defaultConfigurationIsVisible = 0;
			defaultConfigurationName = Release;
		};
		E50151F41B98F6A300B91738 /* Build configuration list for PBXNativeTarget "BandAccelerometer" */ = {
			isa = XCConfigurationList;
			buildConfigurations = (
				E50151F51B98F6A300B91738 /* Debug */,
				E50151F61B98F6A300B91738 /* Release */,
			);
			defaultConfigurationIsVisible = 0;
			defaultConfigurationName = Release;
		};
		E501523C1B9A348B00B91738 /* Build configuration list for PBXNativeTarget "BandBarometer" */ = {
			isa = XCConfigurationList;
			buildConfigurations = (
				E50152381B9A348B00B91738 /* Debug */,
				E50152391B9A348B00B91738 /* Release */,
			);
			defaultConfigurationIsVisible = 0;
			defaultConfigurationName = Release;
		};
		E50152641B9A3D7000B91738 /* Build configuration list for PBXNativeTarget "BandAmbientLight" */ = {
			isa = XCConfigurationList;
			buildConfigurations = (
				E50152651B9A3D7000B91738 /* Debug */,
				E50152661B9A3D7000B91738 /* Release */,
			);
			defaultConfigurationIsVisible = 0;
			defaultConfigurationName = Release;
		};
		E50152901B9A413000B91738 /* Build configuration list for PBXNativeTarget "BandAltimeter" */ = {
			isa = XCConfigurationList;
			buildConfigurations = (
				E50152911B9A413000B91738 /* Debug */,
				E50152921B9A413000B91738 /* Release */,
			);
			defaultConfigurationIsVisible = 0;
			defaultConfigurationName = Release;
		};
		E50152BA1B9A415000B91738 /* Build configuration list for PBXNativeTarget "BandRRInterval" */ = {
			isa = XCConfigurationList;
			buildConfigurations = (
				E50152BB1B9A415000B91738 /* Debug */,
				E50152BC1B9A415000B91738 /* Release */,
			);
			defaultConfigurationIsVisible = 0;
			defaultConfigurationName = Release;
		};
/* End XCConfigurationList section */
	};
	rootObject = 5F598E411AA635E80071C70E /* Project object */;
}
