
Microsoft Visual Studio Solution File, Format Version 12.00
# Visual Studio 14
VisualStudioVersion = 14.0.24710.0
MinimumVisualStudioVersion = 10.0.40219.1
Project("{2150E333-8FDC-42A3-9474-1A3956D46DE8}") = "Accelerometer", "Accelerometer", "{89A6E7D8-0157-41A6-B574-0559F307FF8F}"
EndProject
Project("{D954291E-2A0B-460D-934E-DC6B0785DB48}") = "Accelerometer.Shared", "Accelerometer\Accelerometer.Shared\Accelerometer.Shared.shproj", "{C628A594-0F2D-4E1E-AE32-3C2E424A56A3}"
EndProject
Project("{FAE04EC0-301F-11D3-BF4B-00C04F79EFBC}") = "Accelerometer.Universal", "Accelerometer\Accelerometer.Universal\Accelerometer.Universal.csproj", "{DED8CA29-F7CC-4B4F-8867-877CC4C75E71}"
EndProject
Project("{FAE04EC0-301F-11D3-BF4B-00C04F79EFBC}") = "Accelerometer.Windows", "Accelerometer\Accelerometer.Windows\Accelerometer.Windows.csproj", "{3896455F-7B4F-45A0-B4CF-4164CFCF960A}"
EndProject
Project("{FAE04EC0-301F-11D3-BF4B-00C04F79EFBC}") = "Accelerometer.WindowsPhone", "Accelerometer\Accelerometer.WindowsPhone\Accelerometer.WindowsPhone.csproj", "{C8AA56B8-716D-4CBF-947A-C2231F6A3613}"
EndProject
Project("{2150E333-8FDC-42A3-9474-1A3956D46DE8}") = "Altimeter", "Altimeter", "{89A6E7D8-0157-41A6-B574-0559F307FF94}"
EndProject
Project("{D954291E-2A0B-460D-934E-DC6B0785DB48}") = "Altimeter.Shared", "Altimeter\Altimeter.Shared\Altimeter.Shared.shproj", "{C628A594-0F2D-4E1E-AE32-3C2E424A56A8}"
EndProject
Project("{FAE04EC0-301F-11D3-BF4B-00C04F79EFBC}") = "Altimeter.Universal", "Altimeter\Altimeter.Universal\Altimeter.Universal.csproj", "{66EADBAA-9ED3-4176-A3D7-8556856359E5}"
EndProject
Project("{FAE04EC0-301F-11D3-BF4B-00C04F79EFBC}") = "Altimeter.Windows", "Altimeter\Altimeter.Windows\Altimeter.Windows.csproj", "{3896455F-7B4F-45A0-B4CF-4164CFCF960F}"
EndProject
Project("{FAE04EC0-301F-11D3-BF4B-00C04F79EFBC}") = "Altimeter.WindowsPhone", "Altimeter\Altimeter.WindowsPhone\Altimeter.WindowsPhone.csproj", "{C8AA56B8-716D-4CBF-947A-C2231F6A3618}"
EndProject
Project("{2150E333-8FDC-42A3-9474-1A3956D46DE8}") = "AmbientLight", "AmbientLight", "{89A6E7D8-0157-41A6-B574-0559F307FF92}"
EndProject
Project("{D954291E-2A0B-460D-934E-DC6B0785DB48}") = "AmbientLight.Shared", "AmbientLight\AmbientLight.Shared\AmbientLight.Shared.shproj", "{C628A594-0F2D-4E1E-AE32-3C2E424A56A6}"
EndProject
Project("{FAE04EC0-301F-11D3-BF4B-00C04F79EFBC}") = "AmbientLight.Universal", "AmbientLight\AmbientLight.Universal\AmbientLight.Universal.csproj", "{2466667F-0993-479F-9802-E6812F8A1FCC}"
EndProject
Project("{FAE04EC0-301F-11D3-BF4B-00C04F79EFBC}") = "AmbientLight.Windows", "AmbientLight\AmbientLight.Windows\AmbientLight.Windows.csproj", "{3896455F-7B4F-45A0-B4CF-4164CFCF960D}"
EndProject
Project("{FAE04EC0-301F-11D3-BF4B-00C04F79EFBC}") = "AmbientLight.WindowsPhone", "AmbientLight\AmbientLight.WindowsPhone\AmbientLight.WindowsPhone.csproj", "{C8AA56B8-716D-4CBF-947A-C2231F6A3616}"
EndProject
Project("{2150E333-8FDC-42A3-9474-1A3956D46DE8}") = "BackgroundTileEvents", "BackgroundTileEvents", "{308C2856-D193-477D-BD7D-06ED41AFB27E}"
EndProject
Project("{FAE04EC0-301F-11D3-BF4B-00C04F79EFBC}") = "BGTileEventsApp.Universal", "BackgroundTileEvents\BGTileEventsApp.Universal\BGTileEventsApp.Universal.csproj", "{BD3C7E52-B3C6-47DB-A92A-35CD50D436F4}"
EndProject
Project("{FAE04EC0-301F-11D3-BF4B-00C04F79EFBC}") = "BGTileEventsService.Universal", "BackgroundTileEvents\BGTileEventsService.Universal\BGTileEventsService.Universal.csproj", "{E689300F-4733-4FB1-ACE7-18AD3F8FB99C}"
EndProject
Project("{2150E333-8FDC-42A3-9474-1A3956D46DE8}") = "Barometer", "Barometer", "{89A6E7D8-0157-41A6-B574-0559F307FF93}"
EndProject
Project("{D954291E-2A0B-460D-934E-DC6B0785DB48}") = "Barometer.Shared", "Barometer\Barometer.Shared\Barometer.Shared.shproj", "{C628A594-0F2D-4E1E-AE32-3C2E424A56A7}"
EndProject
Project("{FAE04EC0-301F-11D3-BF4B-00C04F79EFBC}") = "Barometer.Universal", "Barometer\Barometer.Universal\Barometer.Universal.csproj", "{63B9B08F-2D29-4F12-A5E1-8E8176CF68F6}"
EndProject
Project("{FAE04EC0-301F-11D3-BF4B-00C04F79EFBC}") = "Barometer.Windows", "Barometer\Barometer.Windows\Barometer.Windows.csproj", "{3896455F-7B4F-45A0-B4CF-4164CFCF960E}"
EndProject
Project("{FAE04EC0-301F-11D3-BF4B-00C04F79EFBC}") = "Barometer.WindowsPhone", "Barometer\Barometer.WindowsPhone\Barometer.WindowsPhone.csproj", "{C8AA56B8-716D-4CBF-947A-C2231F6A3617}"
EndProject
Project("{2150E333-8FDC-42A3-9474-1A3956D46DE8}") = "CustomPages", "CustomPages", "{036D9564-88DC-4B95-AE29-A8377EE5784A}"
EndProject
Project("{D954291E-2A0B-460D-934E-DC6B0785DB48}") = "CustomPages.Shared", "CustomPages\CustomPages.Shared\CustomPages.Shared.shproj", "{B9EC934B-E4E2-4612-B385-7C69A2C3AC64}"
EndProject
Project("{FAE04EC0-301F-11D3-BF4B-00C04F79EFBC}") = "CustomPages.Universal", "CustomPages\CustomPages.Universal\CustomPages.Universal.csproj", "{BEBA3361-CA5D-4B7B-800D-65898BDB201F}"
EndProject
Project("{FAE04EC0-301F-11D3-BF4B-00C04F79EFBC}") = "CustomPages.Windows", "CustomPages\CustomPages.Windows\CustomPages.Windows.csproj", "{6B938A6D-2039-4973-A582-92A5C48215AA}"
EndProject
Project("{FAE04EC0-301F-11D3-BF4B-00C04F79EFBC}") = "CustomPages.WindowsPhone", "CustomPages\CustomPages.WindowsPhone\CustomPages.WindowsPhone.csproj", "{4868CC82-C285-4A6C-A1FA-8E611F646AC0}"
EndProject
Project("{2150E333-8FDC-42A3-9474-1A3956D46DE8}") = "Gsr", "Gsr", "{89A6E7D8-0157-41A6-B574-0559F307FF90}"
EndProject
Project("{D954291E-2A0B-460D-934E-DC6B0785DB48}") = "Gsr.Shared", "Gsr\Gsr.Shared\Gsr.Shared.shproj", "{C628A594-0F2D-4E1E-AE32-3C2E424A56A4}"
EndProject
Project("{FAE04EC0-301F-11D3-BF4B-00C04F79EFBC}") = "Gsr.Universal", "Gsr\Gsr.Universal\Gsr.Universal.csproj", "{220B53D1-E6E3-48CE-B0C6-89ECF44F0ED1}"
EndProject
Project("{FAE04EC0-301F-11D3-BF4B-00C04F79EFBC}") = "Gsr.Windows", "Gsr\Gsr.Windows\Gsr.Windows.csproj", "{3896455F-7B4F-45A0-B4CF-4164CFCF960B}"
EndProject
Project("{FAE04EC0-301F-11D3-BF4B-00C04F79EFBC}") = "Gsr.WindowsPhone", "Gsr\Gsr.WindowsPhone\Gsr.WindowsPhone.csproj", "{C8AA56B8-716D-4CBF-947A-C2231F6A3614}"
EndProject
Project("{2150E333-8FDC-42A3-9474-1A3956D46DE8}") = "HeartRate", "HeartRate", "{89A6E7D8-0157-41A6-B574-0559F307FF95}"
EndProject
Project("{D954291E-2A0B-460D-934E-DC6B0785DB48}") = "HeartRate.Shared", "HeartRate\HeartRate.Shared\HeartRate.Shared.shproj", "{C628A594-0F2D-4E1E-AE32-3C2E424A56A9}"
EndProject
Project("{FAE04EC0-301F-11D3-BF4B-00C04F79EFBC}") = "HeartRate.Universal", "HeartRate\HeartRate.Universal\HeartRate.Universal.csproj", "{BCBF60F2-3B72-4E7A-B681-B583955ABBED}"
EndProject
Project("{FAE04EC0-301F-11D3-BF4B-00C04F79EFBC}") = "HeartRate.Windows", "HeartRate\HeartRate.Windows\HeartRate.Windows.csproj", "{3896455F-7B4F-45A0-B4CF-4164CFCF9610}"
EndProject
Project("{FAE04EC0-301F-11D3-BF4B-00C04F79EFBC}") = "HeartRate.WindowsPhone", "HeartRate\HeartRate.WindowsPhone\HeartRate.WindowsPhone.csproj", "{C8AA56B8-716D-4CBF-947A-C2231F6A3619}"
EndProject
Project("{2150E333-8FDC-42A3-9474-1A3956D46DE8}") = "Notifications", "Notifications", "{6EDD885A-2644-4F44-8D53-002C0A387667}"
EndProject
Project("{D954291E-2A0B-460D-934E-DC6B0785DB48}") = "Notifications.Shared", "Notifications\Notifications.Shared\Notifications.Shared.shproj", "{A7869618-18A7-4AB3-8B2D-0CA56AA3CCD1}"
EndProject
Project("{FAE04EC0-301F-11D3-BF4B-00C04F79EFBC}") = "Notifications.Universal", "Notifications\Notifications.Universal\Notifications.Universal.csproj", "{0C89792F-46F1-45C4-A1C3-A41BC2405521}"
EndProject
Project("{FAE04EC0-301F-11D3-BF4B-00C04F79EFBC}") = "Notifications.Windows", "Notifications\Notifications.Windows\Notifications.Windows.csproj", "{0A9DDEAD-4EC4-446B-92DB-5CF12D6AFF4D}"
EndProject
Project("{FAE04EC0-301F-11D3-BF4B-00C04F79EFBC}") = "Notifications.WindowsPhone", "Notifications\Notifications.WindowsPhone\Notifications.WindowsPhone.csproj", "{D0D821F7-697C-479F-A127-480B8D2830B8}"
EndProject
Project("{2150E333-8FDC-42A3-9474-1A3956D46DE8}") = "Personalization", "Personalization", "{4152CD65-F8E7-4163-9A30-25943B22764B}"
EndProject
Project("{D954291E-2A0B-460D-934E-DC6B0785DB48}") = "Personalization.Shared", "Personalization\Personalization.Shared\Personalization.Shared.shproj", "{3273F094-2391-4903-A0F5-FA1AADAAAB50}"
EndProject
Project("{FAE04EC0-301F-11D3-BF4B-00C04F79EFBC}") = "Personalization.Universal", "Personalization\Personalization.Universal\Personalization.Universal.csproj", "{62A903B9-F100-4D39-AB0C-ED742C1A3F57}"
EndProject
Project("{FAE04EC0-301F-11D3-BF4B-00C04F79EFBC}") = "Personalization.Windows", "Personalization\Personalization.Windows\Personalization.Windows.csproj", "{31B8023F-2DC2-4069-991D-A093AA2FA768}"
EndProject
Project("{FAE04EC0-301F-11D3-BF4B-00C04F79EFBC}") = "Personalization.WindowsPhone", "Personalization\Personalization.WindowsPhone\Personalization.WindowsPhone.csproj", "{40D1BF32-61C8-4875-9AC0-7A3D408ED8AD}"
EndProject
Project("{2150E333-8FDC-42A3-9474-1A3956D46DE8}") = "RRInterval", "RRInterval", "{89A6E7D8-0157-41A6-B574-0559F307FF91}"
EndProject
Project("{D954291E-2A0B-460D-934E-DC6B0785DB48}") = "RRInterval.Shared", "RRInterval\RRInterval.Shared\RRInterval.Shared.shproj", "{C628A594-0F2D-4E1E-AE32-3C2E424A56A5}"
EndProject
Project("{FAE04EC0-301F-11D3-BF4B-00C04F79EFBC}") = "RRInterval.Universal", "RRInterval\RRInterval.Universal\RRInterval.Universal.csproj", "{5116FD06-E71D-45CC-92F7-0C468F25EE5E}"
EndProject
Project("{FAE04EC0-301F-11D3-BF4B-00C04F79EFBC}") = "RRInterval.Windows", "RRInterval\RRInterval.Windows\RRInterval.Windows.csproj", "{3896455F-7B4F-45A0-B4CF-4164CFCF960C}"
EndProject
Project("{FAE04EC0-301F-11D3-BF4B-00C04F79EFBC}") = "RRInterval.WindowsPhone", "RRInterval\RRInterval.WindowsPhone\RRInterval.WindowsPhone.csproj", "{C8AA56B8-716D-4CBF-947A-C2231F6A3615}"
EndProject
Project("{2150E333-8FDC-42A3-9474-1A3956D46DE8}") = "TileEvents", "TileEvents", "{D6D78E49-CA8B-45E6-89C1-43D4F93B7CD6}"
EndProject
Project("{D954291E-2A0B-460D-934E-DC6B0785DB48}") = "TileEvents.Shared", "TileEvents\TileEvents.Shared\TileEvents.Shared.shproj", "{F41CDAE2-0E1D-4B53-9A6F-6A11CF6666AE}"
EndProject
Project("{FAE04EC0-301F-11D3-BF4B-00C04F79EFBC}") = "TileEvents.Universal", "TileEvents\TileEvents.Universal\TileEvents.Universal.csproj", "{2D0F8AD8-50BB-453F-805D-3583CF00C46E}"
EndProject
Project("{FAE04EC0-301F-11D3-BF4B-00C04F79EFBC}") = "TileEvents.Windows", "TileEvents\TileEvents.Windows\TileEvents.Windows.csproj", "{18AC6E41-15BB-4FCE-96AC-7ED7F162CB72}"
EndProject
Project("{FAE04EC0-301F-11D3-BF4B-00C04F79EFBC}") = "TileEvents.WindowsPhone", "TileEvents\TileEvents.WindowsPhone\TileEvents.WindowsPhone.csproj", "{C60B383A-4884-4BA1-9331-4D27B54CF8EB}"
EndProject
Global
	GlobalSection(SharedMSBuildProjectFiles) = preSolution
		Accelerometer\Accelerometer.Shared\Accelerometer.Shared.projitems*{c628a594-0f2d-4e1e-ae32-3c2e424a56a3}*SharedItemsImports = 13
		Accelerometer\Accelerometer.Shared\Accelerometer.Shared.projitems*{c8aa56b8-716d-4cbf-947a-c2231f6a3613}*SharedItemsImports = 4
		Accelerometer\Accelerometer.Shared\Accelerometer.Shared.projitems*{3896455f-7b4f-45a0-b4cf-4164cfcf960a}*SharedItemsImports = 4
		Accelerometer\Accelerometer.Shared\Accelerometer.Shared.projitems*{ded8ca29-f7cc-4b4f-8867-877cc4c75e71}*SharedItemsImports = 4
		Altimeter\Altimeter.Shared\Altimeter.Shared.projitems*{c628a594-0f2d-4e1e-ae32-3c2e424a56a8}*SharedItemsImports = 13
		Altimeter\Altimeter.Shared\Altimeter.Shared.projitems*{c8aa56b8-716d-4cbf-947a-c2231f6a3618}*SharedItemsImports = 4
		Altimeter\Altimeter.Shared\Altimeter.Shared.projitems*{3896455f-7b4f-45a0-b4cf-4164cfcf960f}*SharedItemsImports = 4
		Altimeter\Altimeter.Shared\Altimeter.Shared.projitems*{66eadbaa-9ed3-4176-a3d7-8556856359e5}*SharedItemsImports = 4
		AmbientLight\AmbientLight.Shared\AmbientLight.Shared.projitems*{c628a594-0f2d-4e1e-ae32-3c2e424a56a6}*SharedItemsImports = 13
		AmbientLight\AmbientLight.Shared\AmbientLight.Shared.projitems*{c8aa56b8-716d-4cbf-947a-c2231f6a3616}*SharedItemsImports = 4
		AmbientLight\AmbientLight.Shared\AmbientLight.Shared.projitems*{3896455f-7b4f-45a0-b4cf-4164cfcf960d}*SharedItemsImports = 4
		AmbientLight\AmbientLight.Shared\AmbientLight.Shared.projitems*{2466667f-0993-479f-9802-e6812f8a1fcc}*SharedItemsImports = 4
		Barometer\Barometer.Shared\Barometer.Shared.projitems*{c628a594-0f2d-4e1e-ae32-3c2e424a56a7}*SharedItemsImports = 13
		Barometer\Barometer.Shared\Barometer.Shared.projitems*{c8aa56b8-716d-4cbf-947a-c2231f6a3617}*SharedItemsImports = 4
		Barometer\Barometer.Shared\Barometer.Shared.projitems*{3896455f-7b4f-45a0-b4cf-4164cfcf960e}*SharedItemsImports = 4
		Barometer\Barometer.Shared\Barometer.Shared.projitems*{63b9b08f-2d29-4f12-a5e1-8e8176cf68f6}*SharedItemsImports = 4
		CustomPages\CustomPages.Shared\CustomPages.Shared.projitems*{b9ec934b-e4e2-4612-b385-7c69a2c3ac64}*SharedItemsImports = 13
		CustomPages\CustomPages.Shared\CustomPages.Shared.projitems*{4868cc82-c285-4a6c-a1fa-8e611f646ac0}*SharedItemsImports = 4
		CustomPages\CustomPages.Shared\CustomPages.Shared.projitems*{6b938a6d-2039-4973-a582-92a5c48215aa}*SharedItemsImports = 4
		CustomPages\CustomPages.Shared\CustomPages.Shared.projitems*{beba3361-ca5d-4b7b-800d-65898bdb201f}*SharedItemsImports = 4
		Gsr\Gsr.Shared\Gsr.Shared.projitems*{c628a594-0f2d-4e1e-ae32-3c2e424a56a4}*SharedItemsImports = 13
		Gsr\Gsr.Shared\Gsr.Shared.projitems*{c8aa56b8-716d-4cbf-947a-c2231f6a3614}*SharedItemsImports = 4
		Gsr\Gsr.Shared\Gsr.Shared.projitems*{3896455f-7b4f-45a0-b4cf-4164cfcf960b}*SharedItemsImports = 4
		Gsr\Gsr.Shared\Gsr.Shared.projitems*{220b53d1-e6e3-48ce-b0c6-89ecf44f0ed1}*SharedItemsImports = 4
		HeartRate\HeartRate.Shared\HeartRate.Shared.projitems*{c628a594-0f2d-4e1e-ae32-3c2e424a56a9}*SharedItemsImports = 13
		HeartRate\HeartRate.Shared\HeartRate.Shared.projitems*{c8aa56b8-716d-4cbf-947a-c2231f6a3619}*SharedItemsImports = 4
		HeartRate\HeartRate.Shared\HeartRate.Shared.projitems*{3896455f-7b4f-45a0-b4cf-4164cfcf9610}*SharedItemsImports = 4
		HeartRate\HeartRate.Shared\HeartRate.Shared.projitems*{bcbf60f2-3b72-4e7a-b681-b583955abbed}*SharedItemsImports = 4
		Notifications\Notifications.Shared\Notifications.Shared.projitems*{a7869618-18a7-4ab3-8b2d-0ca56aa3ccd1}*SharedItemsImports = 13
		Notifications\Notifications.Shared\Notifications.Shared.projitems*{d0d821f7-697c-479f-a127-480b8d2830b8}*SharedItemsImports = 4
		Notifications\Notifications.Shared\Notifications.Shared.projitems*{0a9ddead-4ec4-446b-92db-5cf12d6aff4d}*SharedItemsImports = 4
		Notifications\Notifications.Shared\Notifications.Shared.projitems*{0c89792f-46f1-45c4-a1c3-a41bc2405521}*SharedItemsImports = 4
		Personalization\Personalization.Shared\Personalization.Shared.projitems*{3273f094-2391-4903-a0f5-fa1aadaaab50}*SharedItemsImports = 13
		Personalization\Personalization.Shared\Personalization.Shared.projitems*{40d1bf32-61c8-4875-9ac0-7a3d408ed8ad}*SharedItemsImports = 4
		Personalization\Personalization.Shared\Personalization.Shared.projitems*{62a903b9-f100-4d39-ab0c-ed742c1a3f57}*SharedItemsImports = 4
		Personalization\Personalization.Shared\Personalization.Shared.projitems*{31b8023f-2dc2-4069-991d-a093aa2fa768}*SharedItemsImports = 4
		RRInterval\RRInterval.Shared\RRInterval.Shared.projitems*{c628a594-0f2d-4e1e-ae32-3c2e424a56a5}*SharedItemsImports = 13
		RRInterval\RRInterval.Shared\RRInterval.Shared.projitems*{c8aa56b8-716d-4cbf-947a-c2231f6a3615}*SharedItemsImports = 4
		RRInterval\RRInterval.Shared\RRInterval.Shared.projitems*{3896455f-7b4f-45a0-b4cf-4164cfcf960c}*SharedItemsImports = 4
		RRInterval\RRInterval.Shared\RRInterval.Shared.projitems*{5116fd06-e71d-45cc-92f7-0c468f25ee5e}*SharedItemsImports = 4
		TileEvents\TileEvents.Shared\TileEvents.Shared.projitems*{f41cdae2-0e1d-4b53-9a6f-6a11cf6666ae}*SharedItemsImports = 13
		TileEvents\TileEvents.Shared\TileEvents.Shared.projitems*{c60b383a-4884-4ba1-9331-4d27b54cf8eb}*SharedItemsImports = 4
		TileEvents\TileEvents.Shared\TileEvents.Shared.projitems*{18ac6e41-15bb-4fce-96ac-7ed7f162cb72}*SharedItemsImports = 4
		TileEvents\TileEvents.Shared\TileEvents.Shared.projitems*{2d0f8ad8-50bb-453f-805d-3583cf00c46e}*SharedItemsImports = 4
	EndGlobalSection
	GlobalSection(SolutionConfigurationPlatforms) = preSolution
		Debug|Any CPU = Debug|Any CPU
		Debug|ARM = Debug|ARM
		Debug|x64 = Debug|x64
		Debug|x86 = Debug|x86
		Release|Any CPU = Release|Any CPU
		Release|ARM = Release|ARM
		Release|x64 = Release|x64
		Release|x86 = Release|x86
	EndGlobalSection
	GlobalSection(ProjectConfigurationPlatforms) = postSolution
		{40D1BF32-61C8-4875-9AC0-7A3D408ED8AD}.Debug|Any CPU.ActiveCfg = Debug|Any CPU
		{40D1BF32-61C8-4875-9AC0-7A3D408ED8AD}.Debug|Any CPU.Build.0 = Debug|Any CPU
		{40D1BF32-61C8-4875-9AC0-7A3D408ED8AD}.Debug|Any CPU.Deploy.0 = Debug|Any CPU
		{40D1BF32-61C8-4875-9AC0-7A3D408ED8AD}.Debug|ARM.ActiveCfg = Debug|ARM
		{40D1BF32-61C8-4875-9AC0-7A3D408ED8AD}.Debug|ARM.Build.0 = Debug|ARM
		{40D1BF32-61C8-4875-9AC0-7A3D408ED8AD}.Debug|ARM.Deploy.0 = Debug|ARM
		{40D1BF32-61C8-4875-9AC0-7A3D408ED8AD}.Debug|x64.ActiveCfg = Debug|x64
		{40D1BF32-61C8-4875-9AC0-7A3D408ED8AD}.Debug|x64.Build.0 = Debug|x64
		{40D1BF32-61C8-4875-9AC0-7A3D408ED8AD}.Debug|x64.Deploy.0 = Debug|x64
		{40D1BF32-61C8-4875-9AC0-7A3D408ED8AD}.Debug|x86.ActiveCfg = Debug|x86
		{40D1BF32-61C8-4875-9AC0-7A3D408ED8AD}.Debug|x86.Build.0 = Debug|x86
		{40D1BF32-61C8-4875-9AC0-7A3D408ED8AD}.Debug|x86.Deploy.0 = Debug|x86
		{40D1BF32-61C8-4875-9AC0-7A3D408ED8AD}.Release|Any CPU.ActiveCfg = Release|Any CPU
		{40D1BF32-61C8-4875-9AC0-7A3D408ED8AD}.Release|Any CPU.Build.0 = Release|Any CPU
		{40D1BF32-61C8-4875-9AC0-7A3D408ED8AD}.Release|Any CPU.Deploy.0 = Release|Any CPU
		{40D1BF32-61C8-4875-9AC0-7A3D408ED8AD}.Release|ARM.ActiveCfg = Release|ARM
		{40D1BF32-61C8-4875-9AC0-7A3D408ED8AD}.Release|ARM.Build.0 = Release|ARM
		{40D1BF32-61C8-4875-9AC0-7A3D408ED8AD}.Release|ARM.Deploy.0 = Release|ARM
		{40D1BF32-61C8-4875-9AC0-7A3D408ED8AD}.Release|x64.ActiveCfg = Release|x64
		{40D1BF32-61C8-4875-9AC0-7A3D408ED8AD}.Release|x64.Build.0 = Release|x64
		{40D1BF32-61C8-4875-9AC0-7A3D408ED8AD}.Release|x64.Deploy.0 = Release|x64
		{40D1BF32-61C8-4875-9AC0-7A3D408ED8AD}.Release|x86.ActiveCfg = Release|x86
		{40D1BF32-61C8-4875-9AC0-7A3D408ED8AD}.Release|x86.Build.0 = Release|x86
		{40D1BF32-61C8-4875-9AC0-7A3D408ED8AD}.Release|x86.Deploy.0 = Release|x86
		{31B8023F-2DC2-4069-991D-A093AA2FA768}.Debug|Any CPU.ActiveCfg = Debug|Any CPU
		{31B8023F-2DC2-4069-991D-A093AA2FA768}.Debug|Any CPU.Build.0 = Debug|Any CPU
		{31B8023F-2DC2-4069-991D-A093AA2FA768}.Debug|Any CPU.Deploy.0 = Debug|Any CPU
		{31B8023F-2DC2-4069-991D-A093AA2FA768}.Debug|ARM.ActiveCfg = Debug|ARM
		{31B8023F-2DC2-4069-991D-A093AA2FA768}.Debug|ARM.Build.0 = Debug|ARM
		{31B8023F-2DC2-4069-991D-A093AA2FA768}.Debug|ARM.Deploy.0 = Debug|ARM
		{31B8023F-2DC2-4069-991D-A093AA2FA768}.Debug|x64.ActiveCfg = Debug|x64
		{31B8023F-2DC2-4069-991D-A093AA2FA768}.Debug|x64.Build.0 = Debug|x64
		{31B8023F-2DC2-4069-991D-A093AA2FA768}.Debug|x64.Deploy.0 = Debug|x64
		{31B8023F-2DC2-4069-991D-A093AA2FA768}.Debug|x86.ActiveCfg = Debug|x86
		{31B8023F-2DC2-4069-991D-A093AA2FA768}.Debug|x86.Build.0 = Debug|x86
		{31B8023F-2DC2-4069-991D-A093AA2FA768}.Debug|x86.Deploy.0 = Debug|x86
		{31B8023F-2DC2-4069-991D-A093AA2FA768}.Release|Any CPU.ActiveCfg = Release|Any CPU
		{31B8023F-2DC2-4069-991D-A093AA2FA768}.Release|Any CPU.Build.0 = Release|Any CPU
		{31B8023F-2DC2-4069-991D-A093AA2FA768}.Release|Any CPU.Deploy.0 = Release|Any CPU
		{31B8023F-2DC2-4069-991D-A093AA2FA768}.Release|ARM.ActiveCfg = Release|ARM
		{31B8023F-2DC2-4069-991D-A093AA2FA768}.Release|ARM.Build.0 = Release|ARM
		{31B8023F-2DC2-4069-991D-A093AA2FA768}.Release|ARM.Deploy.0 = Release|ARM
		{31B8023F-2DC2-4069-991D-A093AA2FA768}.Release|x64.ActiveCfg = Release|x64
		{31B8023F-2DC2-4069-991D-A093AA2FA768}.Release|x64.Build.0 = Release|x64
		{31B8023F-2DC2-4069-991D-A093AA2FA768}.Release|x64.Deploy.0 = Release|x64
		{31B8023F-2DC2-4069-991D-A093AA2FA768}.Release|x86.ActiveCfg = Release|x86
		{31B8023F-2DC2-4069-991D-A093AA2FA768}.Release|x86.Build.0 = Release|x86
		{31B8023F-2DC2-4069-991D-A093AA2FA768}.Release|x86.Deploy.0 = Release|x86
		{3896455F-7B4F-45A0-B4CF-4164CFCF960A}.Debug|Any CPU.ActiveCfg = Debug|Any CPU
		{3896455F-7B4F-45A0-B4CF-4164CFCF960A}.Debug|Any CPU.Build.0 = Debug|Any CPU
		{3896455F-7B4F-45A0-B4CF-4164CFCF960A}.Debug|Any CPU.Deploy.0 = Debug|Any CPU
		{3896455F-7B4F-45A0-B4CF-4164CFCF960A}.Debug|ARM.ActiveCfg = Debug|ARM
		{3896455F-7B4F-45A0-B4CF-4164CFCF960A}.Debug|ARM.Build.0 = Debug|ARM
		{3896455F-7B4F-45A0-B4CF-4164CFCF960A}.Debug|ARM.Deploy.0 = Debug|ARM
		{3896455F-7B4F-45A0-B4CF-4164CFCF960A}.Debug|x64.ActiveCfg = Debug|x64
		{3896455F-7B4F-45A0-B4CF-4164CFCF960A}.Debug|x64.Build.0 = Debug|x64
		{3896455F-7B4F-45A0-B4CF-4164CFCF960A}.Debug|x64.Deploy.0 = Debug|x64
		{3896455F-7B4F-45A0-B4CF-4164CFCF960A}.Debug|x86.ActiveCfg = Debug|x86
		{3896455F-7B4F-45A0-B4CF-4164CFCF960A}.Debug|x86.Build.0 = Debug|x86
		{3896455F-7B4F-45A0-B4CF-4164CFCF960A}.Debug|x86.Deploy.0 = Debug|x86
		{3896455F-7B4F-45A0-B4CF-4164CFCF960A}.Release|Any CPU.ActiveCfg = Release|Any CPU
		{3896455F-7B4F-45A0-B4CF-4164CFCF960A}.Release|Any CPU.Build.0 = Release|Any CPU
		{3896455F-7B4F-45A0-B4CF-4164CFCF960A}.Release|Any CPU.Deploy.0 = Release|Any CPU
		{3896455F-7B4F-45A0-B4CF-4164CFCF960A}.Release|ARM.ActiveCfg = Release|ARM
		{3896455F-7B4F-45A0-B4CF-4164CFCF960A}.Release|ARM.Build.0 = Release|ARM
		{3896455F-7B4F-45A0-B4CF-4164CFCF960A}.Release|ARM.Deploy.0 = Release|ARM
		{3896455F-7B4F-45A0-B4CF-4164CFCF960A}.Release|x64.ActiveCfg = Release|x64
		{3896455F-7B4F-45A0-B4CF-4164CFCF960A}.Release|x64.Build.0 = Release|x64
		{3896455F-7B4F-45A0-B4CF-4164CFCF960A}.Release|x64.Deploy.0 = Release|x64
		{3896455F-7B4F-45A0-B4CF-4164CFCF960A}.Release|x86.ActiveCfg = Release|x86
		{3896455F-7B4F-45A0-B4CF-4164CFCF960A}.Release|x86.Build.0 = Release|x86
		{3896455F-7B4F-45A0-B4CF-4164CFCF960A}.Release|x86.Deploy.0 = Release|x86
		{C8AA56B8-716D-4CBF-947A-C2231F6A3613}.Debug|Any CPU.ActiveCfg = Debug|Any CPU
		{C8AA56B8-716D-4CBF-947A-C2231F6A3613}.Debug|Any CPU.Build.0 = Debug|Any CPU
		{C8AA56B8-716D-4CBF-947A-C2231F6A3613}.Debug|Any CPU.Deploy.0 = Debug|Any CPU
		{C8AA56B8-716D-4CBF-947A-C2231F6A3613}.Debug|ARM.ActiveCfg = Debug|ARM
		{C8AA56B8-716D-4CBF-947A-C2231F6A3613}.Debug|ARM.Build.0 = Debug|ARM
		{C8AA56B8-716D-4CBF-947A-C2231F6A3613}.Debug|ARM.Deploy.0 = Debug|ARM
		{C8AA56B8-716D-4CBF-947A-C2231F6A3613}.Debug|x64.ActiveCfg = Debug|x64
		{C8AA56B8-716D-4CBF-947A-C2231F6A3613}.Debug|x64.Build.0 = Debug|x64
		{C8AA56B8-716D-4CBF-947A-C2231F6A3613}.Debug|x64.Deploy.0 = Debug|x64
		{C8AA56B8-716D-4CBF-947A-C2231F6A3613}.Debug|x86.ActiveCfg = Debug|x86
		{C8AA56B8-716D-4CBF-947A-C2231F6A3613}.Debug|x86.Build.0 = Debug|x86
		{C8AA56B8-716D-4CBF-947A-C2231F6A3613}.Debug|x86.Deploy.0 = Debug|x86
		{C8AA56B8-716D-4CBF-947A-C2231F6A3613}.Release|Any CPU.ActiveCfg = Release|Any CPU
		{C8AA56B8-716D-4CBF-947A-C2231F6A3613}.Release|Any CPU.Build.0 = Release|Any CPU
		{C8AA56B8-716D-4CBF-947A-C2231F6A3613}.Release|Any CPU.Deploy.0 = Release|Any CPU
		{C8AA56B8-716D-4CBF-947A-C2231F6A3613}.Release|ARM.ActiveCfg = Release|ARM
		{C8AA56B8-716D-4CBF-947A-C2231F6A3613}.Release|ARM.Build.0 = Release|ARM
		{C8AA56B8-716D-4CBF-947A-C2231F6A3613}.Release|ARM.Deploy.0 = Release|ARM
		{C8AA56B8-716D-4CBF-947A-C2231F6A3613}.Release|x64.ActiveCfg = Release|x64
		{C8AA56B8-716D-4CBF-947A-C2231F6A3613}.Release|x64.Build.0 = Release|x64
		{C8AA56B8-716D-4CBF-947A-C2231F6A3613}.Release|x64.Deploy.0 = Release|x64
		{C8AA56B8-716D-4CBF-947A-C2231F6A3613}.Release|x86.ActiveCfg = Release|x86
		{C8AA56B8-716D-4CBF-947A-C2231F6A3613}.Release|x86.Build.0 = Release|x86
		{C8AA56B8-716D-4CBF-947A-C2231F6A3613}.Release|x86.Deploy.0 = Release|x86
		{0A9DDEAD-4EC4-446B-92DB-5CF12D6AFF4D}.Debug|Any CPU.ActiveCfg = Debug|Any CPU
		{0A9DDEAD-4EC4-446B-92DB-5CF12D6AFF4D}.Debug|Any CPU.Build.0 = Debug|Any CPU
		{0A9DDEAD-4EC4-446B-92DB-5CF12D6AFF4D}.Debug|Any CPU.Deploy.0 = Debug|Any CPU
		{0A9DDEAD-4EC4-446B-92DB-5CF12D6AFF4D}.Debug|ARM.ActiveCfg = Debug|ARM
		{0A9DDEAD-4EC4-446B-92DB-5CF12D6AFF4D}.Debug|ARM.Build.0 = Debug|ARM
		{0A9DDEAD-4EC4-446B-92DB-5CF12D6AFF4D}.Debug|ARM.Deploy.0 = Debug|ARM
		{0A9DDEAD-4EC4-446B-92DB-5CF12D6AFF4D}.Debug|x64.ActiveCfg = Debug|x64
		{0A9DDEAD-4EC4-446B-92DB-5CF12D6AFF4D}.Debug|x64.Build.0 = Debug|x64
		{0A9DDEAD-4EC4-446B-92DB-5CF12D6AFF4D}.Debug|x64.Deploy.0 = Debug|x64
		{0A9DDEAD-4EC4-446B-92DB-5CF12D6AFF4D}.Debug|x86.ActiveCfg = Debug|x86
		{0A9DDEAD-4EC4-446B-92DB-5CF12D6AFF4D}.Debug|x86.Build.0 = Debug|x86
		{0A9DDEAD-4EC4-446B-92DB-5CF12D6AFF4D}.Debug|x86.Deploy.0 = Debug|x86
		{0A9DDEAD-4EC4-446B-92DB-5CF12D6AFF4D}.Release|Any CPU.ActiveCfg = Release|Any CPU
		{0A9DDEAD-4EC4-446B-92DB-5CF12D6AFF4D}.Release|Any CPU.Build.0 = Release|Any CPU
		{0A9DDEAD-4EC4-446B-92DB-5CF12D6AFF4D}.Release|Any CPU.Deploy.0 = Release|Any CPU
		{0A9DDEAD-4EC4-446B-92DB-5CF12D6AFF4D}.Release|ARM.ActiveCfg = Release|ARM
		{0A9DDEAD-4EC4-446B-92DB-5CF12D6AFF4D}.Release|ARM.Build.0 = Release|ARM
		{0A9DDEAD-4EC4-446B-92DB-5CF12D6AFF4D}.Release|ARM.Deploy.0 = Release|ARM
		{0A9DDEAD-4EC4-446B-92DB-5CF12D6AFF4D}.Release|x64.ActiveCfg = Release|x64
		{0A9DDEAD-4EC4-446B-92DB-5CF12D6AFF4D}.Release|x64.Build.0 = Release|x64
		{0A9DDEAD-4EC4-446B-92DB-5CF12D6AFF4D}.Release|x64.Deploy.0 = Release|x64
		{0A9DDEAD-4EC4-446B-92DB-5CF12D6AFF4D}.Release|x86.ActiveCfg = Release|x86
		{0A9DDEAD-4EC4-446B-92DB-5CF12D6AFF4D}.Release|x86.Build.0 = Release|x86
		{0A9DDEAD-4EC4-446B-92DB-5CF12D6AFF4D}.Release|x86.Deploy.0 = Release|x86
		{D0D821F7-697C-479F-A127-480B8D2830B8}.Debug|Any CPU.ActiveCfg = Debug|Any CPU
		{D0D821F7-697C-479F-A127-480B8D2830B8}.Debug|Any CPU.Build.0 = Debug|Any CPU
		{D0D821F7-697C-479F-A127-480B8D2830B8}.Debug|Any CPU.Deploy.0 = Debug|Any CPU
		{D0D821F7-697C-479F-A127-480B8D2830B8}.Debug|ARM.ActiveCfg = Debug|ARM
		{D0D821F7-697C-479F-A127-480B8D2830B8}.Debug|ARM.Build.0 = Debug|ARM
		{D0D821F7-697C-479F-A127-480B8D2830B8}.Debug|ARM.Deploy.0 = Debug|ARM
		{D0D821F7-697C-479F-A127-480B8D2830B8}.Debug|x64.ActiveCfg = Debug|x64
		{D0D821F7-697C-479F-A127-480B8D2830B8}.Debug|x64.Build.0 = Debug|x64
		{D0D821F7-697C-479F-A127-480B8D2830B8}.Debug|x64.Deploy.0 = Debug|x64
		{D0D821F7-697C-479F-A127-480B8D2830B8}.Debug|x86.ActiveCfg = Debug|x86
		{D0D821F7-697C-479F-A127-480B8D2830B8}.Debug|x86.Build.0 = Debug|x86
		{D0D821F7-697C-479F-A127-480B8D2830B8}.Debug|x86.Deploy.0 = Debug|x86
		{D0D821F7-697C-479F-A127-480B8D2830B8}.Release|Any CPU.ActiveCfg = Release|Any CPU
		{D0D821F7-697C-479F-A127-480B8D2830B8}.Release|Any CPU.Build.0 = Release|Any CPU
		{D0D821F7-697C-479F-A127-480B8D2830B8}.Release|Any CPU.Deploy.0 = Release|Any CPU
		{D0D821F7-697C-479F-A127-480B8D2830B8}.Release|ARM.ActiveCfg = Release|ARM
		{D0D821F7-697C-479F-A127-480B8D2830B8}.Release|ARM.Build.0 = Release|ARM
		{D0D821F7-697C-479F-A127-480B8D2830B8}.Release|ARM.Deploy.0 = Release|ARM
		{D0D821F7-697C-479F-A127-480B8D2830B8}.Release|x64.ActiveCfg = Release|x64
		{D0D821F7-697C-479F-A127-480B8D2830B8}.Release|x64.Build.0 = Release|x64
		{D0D821F7-697C-479F-A127-480B8D2830B8}.Release|x64.Deploy.0 = Release|x64
		{D0D821F7-697C-479F-A127-480B8D2830B8}.Release|x86.ActiveCfg = Release|x86
		{D0D821F7-697C-479F-A127-480B8D2830B8}.Release|x86.Build.0 = Release|x86
		{D0D821F7-697C-479F-A127-480B8D2830B8}.Release|x86.Deploy.0 = Release|x86
		{6B938A6D-2039-4973-A582-92A5C48215AA}.Debug|Any CPU.ActiveCfg = Debug|Any CPU
		{6B938A6D-2039-4973-A582-92A5C48215AA}.Debug|Any CPU.Build.0 = Debug|Any CPU
		{6B938A6D-2039-4973-A582-92A5C48215AA}.Debug|Any CPU.Deploy.0 = Debug|Any CPU
		{6B938A6D-2039-4973-A582-92A5C48215AA}.Debug|ARM.ActiveCfg = Debug|ARM
		{6B938A6D-2039-4973-A582-92A5C48215AA}.Debug|ARM.Build.0 = Debug|ARM
		{6B938A6D-2039-4973-A582-92A5C48215AA}.Debug|ARM.Deploy.0 = Debug|ARM
		{6B938A6D-2039-4973-A582-92A5C48215AA}.Debug|x64.ActiveCfg = Debug|x64
		{6B938A6D-2039-4973-A582-92A5C48215AA}.Debug|x64.Build.0 = Debug|x64
		{6B938A6D-2039-4973-A582-92A5C48215AA}.Debug|x64.Deploy.0 = Debug|x64
		{6B938A6D-2039-4973-A582-92A5C48215AA}.Debug|x86.ActiveCfg = Debug|x86
		{6B938A6D-2039-4973-A582-92A5C48215AA}.Debug|x86.Build.0 = Debug|x86
		{6B938A6D-2039-4973-A582-92A5C48215AA}.Debug|x86.Deploy.0 = Debug|x86
		{6B938A6D-2039-4973-A582-92A5C48215AA}.Release|Any CPU.ActiveCfg = Release|Any CPU
		{6B938A6D-2039-4973-A582-92A5C48215AA}.Release|Any CPU.Build.0 = Release|Any CPU
		{6B938A6D-2039-4973-A582-92A5C48215AA}.Release|Any CPU.Deploy.0 = Release|Any CPU
		{6B938A6D-2039-4973-A582-92A5C48215AA}.Release|ARM.ActiveCfg = Release|ARM
		{6B938A6D-2039-4973-A582-92A5C48215AA}.Release|ARM.Build.0 = Release|ARM
		{6B938A6D-2039-4973-A582-92A5C48215AA}.Release|ARM.Deploy.0 = Release|ARM
		{6B938A6D-2039-4973-A582-92A5C48215AA}.Release|x64.ActiveCfg = Release|x64
		{6B938A6D-2039-4973-A582-92A5C48215AA}.Release|x64.Build.0 = Release|x64
		{6B938A6D-2039-4973-A582-92A5C48215AA}.Release|x64.Deploy.0 = Release|x64
		{6B938A6D-2039-4973-A582-92A5C48215AA}.Release|x86.ActiveCfg = Release|x86
		{6B938A6D-2039-4973-A582-92A5C48215AA}.Release|x86.Build.0 = Release|x86
		{6B938A6D-2039-4973-A582-92A5C48215AA}.Release|x86.Deploy.0 = Release|x86
		{4868CC82-C285-4A6C-A1FA-8E611F646AC0}.Debug|Any CPU.ActiveCfg = Debug|Any CPU
		{4868CC82-C285-4A6C-A1FA-8E611F646AC0}.Debug|Any CPU.Build.0 = Debug|Any CPU
		{4868CC82-C285-4A6C-A1FA-8E611F646AC0}.Debug|Any CPU.Deploy.0 = Debug|Any CPU
		{4868CC82-C285-4A6C-A1FA-8E611F646AC0}.Debug|ARM.ActiveCfg = Debug|ARM
		{4868CC82-C285-4A6C-A1FA-8E611F646AC0}.Debug|ARM.Build.0 = Debug|ARM
		{4868CC82-C285-4A6C-A1FA-8E611F646AC0}.Debug|ARM.Deploy.0 = Debug|ARM
		{4868CC82-C285-4A6C-A1FA-8E611F646AC0}.Debug|x64.ActiveCfg = Debug|x64
		{4868CC82-C285-4A6C-A1FA-8E611F646AC0}.Debug|x64.Build.0 = Debug|x64
		{4868CC82-C285-4A6C-A1FA-8E611F646AC0}.Debug|x64.Deploy.0 = Debug|x64
		{4868CC82-C285-4A6C-A1FA-8E611F646AC0}.Debug|x86.ActiveCfg = Debug|x86
		{4868CC82-C285-4A6C-A1FA-8E611F646AC0}.Debug|x86.Build.0 = Debug|x86
		{4868CC82-C285-4A6C-A1FA-8E611F646AC0}.Debug|x86.Deploy.0 = Debug|x86
		{4868CC82-C285-4A6C-A1FA-8E611F646AC0}.Release|Any CPU.ActiveCfg = Release|Any CPU
		{4868CC82-C285-4A6C-A1FA-8E611F646AC0}.Release|Any CPU.Build.0 = Release|Any CPU
		{4868CC82-C285-4A6C-A1FA-8E611F646AC0}.Release|Any CPU.Deploy.0 = Release|Any CPU
		{4868CC82-C285-4A6C-A1FA-8E611F646AC0}.Release|ARM.ActiveCfg = Release|ARM
		{4868CC82-C285-4A6C-A1FA-8E611F646AC0}.Release|ARM.Build.0 = Release|ARM
		{4868CC82-C285-4A6C-A1FA-8E611F646AC0}.Release|ARM.Deploy.0 = Release|ARM
		{4868CC82-C285-4A6C-A1FA-8E611F646AC0}.Release|x64.ActiveCfg = Release|x64
		{4868CC82-C285-4A6C-A1FA-8E611F646AC0}.Release|x64.Build.0 = Release|x64
		{4868CC82-C285-4A6C-A1FA-8E611F646AC0}.Release|x64.Deploy.0 = Release|x64
		{4868CC82-C285-4A6C-A1FA-8E611F646AC0}.Release|x86.ActiveCfg = Release|x86
		{4868CC82-C285-4A6C-A1FA-8E611F646AC0}.Release|x86.Build.0 = Release|x86
		{4868CC82-C285-4A6C-A1FA-8E611F646AC0}.Release|x86.Deploy.0 = Release|x86
		{18AC6E41-15BB-4FCE-96AC-7ED7F162CB72}.Debug|Any CPU.ActiveCfg = Debug|Any CPU
		{18AC6E41-15BB-4FCE-96AC-7ED7F162CB72}.Debug|Any CPU.Build.0 = Debug|Any CPU
		{18AC6E41-15BB-4FCE-96AC-7ED7F162CB72}.Debug|Any CPU.Deploy.0 = Debug|Any CPU
		{18AC6E41-15BB-4FCE-96AC-7ED7F162CB72}.Debug|ARM.ActiveCfg = Debug|ARM
		{18AC6E41-15BB-4FCE-96AC-7ED7F162CB72}.Debug|ARM.Build.0 = Debug|ARM
		{18AC6E41-15BB-4FCE-96AC-7ED7F162CB72}.Debug|ARM.Deploy.0 = Debug|ARM
		{18AC6E41-15BB-4FCE-96AC-7ED7F162CB72}.Debug|x64.ActiveCfg = Debug|x64
		{18AC6E41-15BB-4FCE-96AC-7ED7F162CB72}.Debug|x64.Build.0 = Debug|x64
		{18AC6E41-15BB-4FCE-96AC-7ED7F162CB72}.Debug|x64.Deploy.0 = Debug|x64
		{18AC6E41-15BB-4FCE-96AC-7ED7F162CB72}.Debug|x86.ActiveCfg = Debug|x86
		{18AC6E41-15BB-4FCE-96AC-7ED7F162CB72}.Debug|x86.Build.0 = Debug|x86
		{18AC6E41-15BB-4FCE-96AC-7ED7F162CB72}.Debug|x86.Deploy.0 = Debug|x86
		{18AC6E41-15BB-4FCE-96AC-7ED7F162CB72}.Release|Any CPU.ActiveCfg = Release|Any CPU
		{18AC6E41-15BB-4FCE-96AC-7ED7F162CB72}.Release|Any CPU.Build.0 = Release|Any CPU
		{18AC6E41-15BB-4FCE-96AC-7ED7F162CB72}.Release|Any CPU.Deploy.0 = Release|Any CPU
		{18AC6E41-15BB-4FCE-96AC-7ED7F162CB72}.Release|ARM.ActiveCfg = Release|ARM
		{18AC6E41-15BB-4FCE-96AC-7ED7F162CB72}.Release|ARM.Build.0 = Release|ARM
		{18AC6E41-15BB-4FCE-96AC-7ED7F162CB72}.Release|ARM.Deploy.0 = Release|ARM
		{18AC6E41-15BB-4FCE-96AC-7ED7F162CB72}.Release|x64.ActiveCfg = Release|x64
		{18AC6E41-15BB-4FCE-96AC-7ED7F162CB72}.Release|x64.Build.0 = Release|x64
		{18AC6E41-15BB-4FCE-96AC-7ED7F162CB72}.Release|x64.Deploy.0 = Release|x64
		{18AC6E41-15BB-4FCE-96AC-7ED7F162CB72}.Release|x86.ActiveCfg = Release|x86
		{18AC6E41-15BB-4FCE-96AC-7ED7F162CB72}.Release|x86.Build.0 = Release|x86
		{18AC6E41-15BB-4FCE-96AC-7ED7F162CB72}.Release|x86.Deploy.0 = Release|x86
		{C60B383A-4884-4BA1-9331-4D27B54CF8EB}.Debug|Any CPU.ActiveCfg = Debug|Any CPU
		{C60B383A-4884-4BA1-9331-4D27B54CF8EB}.Debug|Any CPU.Build.0 = Debug|Any CPU
		{C60B383A-4884-4BA1-9331-4D27B54CF8EB}.Debug|Any CPU.Deploy.0 = Debug|Any CPU
		{C60B383A-4884-4BA1-9331-4D27B54CF8EB}.Debug|ARM.ActiveCfg = Debug|ARM
		{C60B383A-4884-4BA1-9331-4D27B54CF8EB}.Debug|ARM.Build.0 = Debug|ARM
		{C60B383A-4884-4BA1-9331-4D27B54CF8EB}.Debug|ARM.Deploy.0 = Debug|ARM
		{C60B383A-4884-4BA1-9331-4D27B54CF8EB}.Debug|x64.ActiveCfg = Debug|x64
		{C60B383A-4884-4BA1-9331-4D27B54CF8EB}.Debug|x64.Build.0 = Debug|x64
		{C60B383A-4884-4BA1-9331-4D27B54CF8EB}.Debug|x64.Deploy.0 = Debug|x64
		{C60B383A-4884-4BA1-9331-4D27B54CF8EB}.Debug|x86.ActiveCfg = Debug|x86
		{C60B383A-4884-4BA1-9331-4D27B54CF8EB}.Debug|x86.Build.0 = Debug|x86
		{C60B383A-4884-4BA1-9331-4D27B54CF8EB}.Debug|x86.Deploy.0 = Debug|x86
		{C60B383A-4884-4BA1-9331-4D27B54CF8EB}.Release|Any CPU.ActiveCfg = Release|Any CPU
		{C60B383A-4884-4BA1-9331-4D27B54CF8EB}.Release|Any CPU.Build.0 = Release|Any CPU
		{C60B383A-4884-4BA1-9331-4D27B54CF8EB}.Release|Any CPU.Deploy.0 = Release|Any CPU
		{C60B383A-4884-4BA1-9331-4D27B54CF8EB}.Release|ARM.ActiveCfg = Release|ARM
		{C60B383A-4884-4BA1-9331-4D27B54CF8EB}.Release|ARM.Build.0 = Release|ARM
		{C60B383A-4884-4BA1-9331-4D27B54CF8EB}.Release|ARM.Deploy.0 = Release|ARM
		{C60B383A-4884-4BA1-9331-4D27B54CF8EB}.Release|x64.ActiveCfg = Release|x64
		{C60B383A-4884-4BA1-9331-4D27B54CF8EB}.Release|x64.Build.0 = Release|x64
		{C60B383A-4884-4BA1-9331-4D27B54CF8EB}.Release|x64.Deploy.0 = Release|x64
		{C60B383A-4884-4BA1-9331-4D27B54CF8EB}.Release|x86.ActiveCfg = Release|x86
		{C60B383A-4884-4BA1-9331-4D27B54CF8EB}.Release|x86.Build.0 = Release|x86
		{C60B383A-4884-4BA1-9331-4D27B54CF8EB}.Release|x86.Deploy.0 = Release|x86
		{3896455F-7B4F-45A0-B4CF-4164CFCF960B}.Debug|Any CPU.ActiveCfg = Debug|Any CPU
		{3896455F-7B4F-45A0-B4CF-4164CFCF960B}.Debug|Any CPU.Build.0 = Debug|Any CPU
		{3896455F-7B4F-45A0-B4CF-4164CFCF960B}.Debug|Any CPU.Deploy.0 = Debug|Any CPU
		{3896455F-7B4F-45A0-B4CF-4164CFCF960B}.Debug|ARM.ActiveCfg = Debug|ARM
		{3896455F-7B4F-45A0-B4CF-4164CFCF960B}.Debug|ARM.Build.0 = Debug|ARM
		{3896455F-7B4F-45A0-B4CF-4164CFCF960B}.Debug|ARM.Deploy.0 = Debug|ARM
		{3896455F-7B4F-45A0-B4CF-4164CFCF960B}.Debug|x64.ActiveCfg = Debug|x64
		{3896455F-7B4F-45A0-B4CF-4164CFCF960B}.Debug|x64.Build.0 = Debug|x64
		{3896455F-7B4F-45A0-B4CF-4164CFCF960B}.Debug|x64.Deploy.0 = Debug|x64
		{3896455F-7B4F-45A0-B4CF-4164CFCF960B}.Debug|x86.ActiveCfg = Debug|x86
		{3896455F-7B4F-45A0-B4CF-4164CFCF960B}.Debug|x86.Build.0 = Debug|x86
		{3896455F-7B4F-45A0-B4CF-4164CFCF960B}.Debug|x86.Deploy.0 = Debug|x86
		{3896455F-7B4F-45A0-B4CF-4164CFCF960B}.Release|Any CPU.ActiveCfg = Release|Any CPU
		{3896455F-7B4F-45A0-B4CF-4164CFCF960B}.Release|Any CPU.Build.0 = Release|Any CPU
		{3896455F-7B4F-45A0-B4CF-4164CFCF960B}.Release|Any CPU.Deploy.0 = Release|Any CPU
		{3896455F-7B4F-45A0-B4CF-4164CFCF960B}.Release|ARM.ActiveCfg = Release|ARM
		{3896455F-7B4F-45A0-B4CF-4164CFCF960B}.Release|ARM.Build.0 = Release|ARM
		{3896455F-7B4F-45A0-B4CF-4164CFCF960B}.Release|ARM.Deploy.0 = Release|ARM
		{3896455F-7B4F-45A0-B4CF-4164CFCF960B}.Release|x64.ActiveCfg = Release|x64
		{3896455F-7B4F-45A0-B4CF-4164CFCF960B}.Release|x64.Build.0 = Release|x64
		{3896455F-7B4F-45A0-B4CF-4164CFCF960B}.Release|x64.Deploy.0 = Release|x64
		{3896455F-7B4F-45A0-B4CF-4164CFCF960B}.Release|x86.ActiveCfg = Release|x86
		{3896455F-7B4F-45A0-B4CF-4164CFCF960B}.Release|x86.Build.0 = Release|x86
		{3896455F-7B4F-45A0-B4CF-4164CFCF960B}.Release|x86.Deploy.0 = Release|x86
		{C8AA56B8-716D-4CBF-947A-C2231F6A3614}.Debug|Any CPU.ActiveCfg = Debug|Any CPU
		{C8AA56B8-716D-4CBF-947A-C2231F6A3614}.Debug|Any CPU.Build.0 = Debug|Any CPU
		{C8AA56B8-716D-4CBF-947A-C2231F6A3614}.Debug|Any CPU.Deploy.0 = Debug|Any CPU
		{C8AA56B8-716D-4CBF-947A-C2231F6A3614}.Debug|ARM.ActiveCfg = Debug|ARM
		{C8AA56B8-716D-4CBF-947A-C2231F6A3614}.Debug|ARM.Build.0 = Debug|ARM
		{C8AA56B8-716D-4CBF-947A-C2231F6A3614}.Debug|ARM.Deploy.0 = Debug|ARM
		{C8AA56B8-716D-4CBF-947A-C2231F6A3614}.Debug|x64.ActiveCfg = Debug|x64
		{C8AA56B8-716D-4CBF-947A-C2231F6A3614}.Debug|x64.Build.0 = Debug|x64
		{C8AA56B8-716D-4CBF-947A-C2231F6A3614}.Debug|x64.Deploy.0 = Debug|x64
		{C8AA56B8-716D-4CBF-947A-C2231F6A3614}.Debug|x86.ActiveCfg = Debug|x86
		{C8AA56B8-716D-4CBF-947A-C2231F6A3614}.Debug|x86.Build.0 = Debug|x86
		{C8AA56B8-716D-4CBF-947A-C2231F6A3614}.Debug|x86.Deploy.0 = Debug|x86
		{C8AA56B8-716D-4CBF-947A-C2231F6A3614}.Release|Any CPU.ActiveCfg = Release|Any CPU
		{C8AA56B8-716D-4CBF-947A-C2231F6A3614}.Release|Any CPU.Build.0 = Release|Any CPU
		{C8AA56B8-716D-4CBF-947A-C2231F6A3614}.Release|Any CPU.Deploy.0 = Release|Any CPU
		{C8AA56B8-716D-4CBF-947A-C2231F6A3614}.Release|ARM.ActiveCfg = Release|ARM
		{C8AA56B8-716D-4CBF-947A-C2231F6A3614}.Release|ARM.Build.0 = Release|ARM
		{C8AA56B8-716D-4CBF-947A-C2231F6A3614}.Release|ARM.Deploy.0 = Release|ARM
		{C8AA56B8-716D-4CBF-947A-C2231F6A3614}.Release|x64.ActiveCfg = Release|x64
		{C8AA56B8-716D-4CBF-947A-C2231F6A3614}.Release|x64.Build.0 = Release|x64
		{C8AA56B8-716D-4CBF-947A-C2231F6A3614}.Release|x64.Deploy.0 = Release|x64
		{C8AA56B8-716D-4CBF-947A-C2231F6A3614}.Release|x86.ActiveCfg = Release|x86
		{C8AA56B8-716D-4CBF-947A-C2231F6A3614}.Release|x86.Build.0 = Release|x86
		{C8AA56B8-716D-4CBF-947A-C2231F6A3614}.Release|x86.Deploy.0 = Release|x86
		{3896455F-7B4F-45A0-B4CF-4164CFCF960C}.Debug|Any CPU.ActiveCfg = Debug|Any CPU
		{3896455F-7B4F-45A0-B4CF-4164CFCF960C}.Debug|Any CPU.Build.0 = Debug|Any CPU
		{3896455F-7B4F-45A0-B4CF-4164CFCF960C}.Debug|Any CPU.Deploy.0 = Debug|Any CPU
		{3896455F-7B4F-45A0-B4CF-4164CFCF960C}.Debug|ARM.ActiveCfg = Debug|ARM
		{3896455F-7B4F-45A0-B4CF-4164CFCF960C}.Debug|ARM.Build.0 = Debug|ARM
		{3896455F-7B4F-45A0-B4CF-4164CFCF960C}.Debug|ARM.Deploy.0 = Debug|ARM
		{3896455F-7B4F-45A0-B4CF-4164CFCF960C}.Debug|x64.ActiveCfg = Debug|x64
		{3896455F-7B4F-45A0-B4CF-4164CFCF960C}.Debug|x64.Build.0 = Debug|x64
		{3896455F-7B4F-45A0-B4CF-4164CFCF960C}.Debug|x64.Deploy.0 = Debug|x64
		{3896455F-7B4F-45A0-B4CF-4164CFCF960C}.Debug|x86.ActiveCfg = Debug|x86
		{3896455F-7B4F-45A0-B4CF-4164CFCF960C}.Debug|x86.Build.0 = Debug|x86
		{3896455F-7B4F-45A0-B4CF-4164CFCF960C}.Debug|x86.Deploy.0 = Debug|x86
		{3896455F-7B4F-45A0-B4CF-4164CFCF960C}.Release|Any CPU.ActiveCfg = Release|Any CPU
		{3896455F-7B4F-45A0-B4CF-4164CFCF960C}.Release|Any CPU.Build.0 = Release|Any CPU
		{3896455F-7B4F-45A0-B4CF-4164CFCF960C}.Release|Any CPU.Deploy.0 = Release|Any CPU
		{3896455F-7B4F-45A0-B4CF-4164CFCF960C}.Release|ARM.ActiveCfg = Release|ARM
		{3896455F-7B4F-45A0-B4CF-4164CFCF960C}.Release|ARM.Build.0 = Release|ARM
		{3896455F-7B4F-45A0-B4CF-4164CFCF960C}.Release|ARM.Deploy.0 = Release|ARM
		{3896455F-7B4F-45A0-B4CF-4164CFCF960C}.Release|x64.ActiveCfg = Release|x64
		{3896455F-7B4F-45A0-B4CF-4164CFCF960C}.Release|x64.Build.0 = Release|x64
		{3896455F-7B4F-45A0-B4CF-4164CFCF960C}.Release|x64.Deploy.0 = Release|x64
		{3896455F-7B4F-45A0-B4CF-4164CFCF960C}.Release|x86.ActiveCfg = Release|x86
		{3896455F-7B4F-45A0-B4CF-4164CFCF960C}.Release|x86.Build.0 = Release|x86
		{3896455F-7B4F-45A0-B4CF-4164CFCF960C}.Release|x86.Deploy.0 = Release|x86
		{C8AA56B8-716D-4CBF-947A-C2231F6A3615}.Debug|Any CPU.ActiveCfg = Debug|Any CPU
		{C8AA56B8-716D-4CBF-947A-C2231F6A3615}.Debug|Any CPU.Build.0 = Debug|Any CPU
		{C8AA56B8-716D-4CBF-947A-C2231F6A3615}.Debug|Any CPU.Deploy.0 = Debug|Any CPU
		{C8AA56B8-716D-4CBF-947A-C2231F6A3615}.Debug|ARM.ActiveCfg = Debug|ARM
		{C8AA56B8-716D-4CBF-947A-C2231F6A3615}.Debug|ARM.Build.0 = Debug|ARM
		{C8AA56B8-716D-4CBF-947A-C2231F6A3615}.Debug|ARM.Deploy.0 = Debug|ARM
		{C8AA56B8-716D-4CBF-947A-C2231F6A3615}.Debug|x64.ActiveCfg = Debug|x64
		{C8AA56B8-716D-4CBF-947A-C2231F6A3615}.Debug|x64.Build.0 = Debug|x64
		{C8AA56B8-716D-4CBF-947A-C2231F6A3615}.Debug|x64.Deploy.0 = Debug|x64
		{C8AA56B8-716D-4CBF-947A-C2231F6A3615}.Debug|x86.ActiveCfg = Debug|x86
		{C8AA56B8-716D-4CBF-947A-C2231F6A3615}.Debug|x86.Build.0 = Debug|x86
		{C8AA56B8-716D-4CBF-947A-C2231F6A3615}.Debug|x86.Deploy.0 = Debug|x86
		{C8AA56B8-716D-4CBF-947A-C2231F6A3615}.Release|Any CPU.ActiveCfg = Release|Any CPU
		{C8AA56B8-716D-4CBF-947A-C2231F6A3615}.Release|Any CPU.Build.0 = Release|Any CPU
		{C8AA56B8-716D-4CBF-947A-C2231F6A3615}.Release|Any CPU.Deploy.0 = Release|Any CPU
		{C8AA56B8-716D-4CBF-947A-C2231F6A3615}.Release|ARM.ActiveCfg = Release|ARM
		{C8AA56B8-716D-4CBF-947A-C2231F6A3615}.Release|ARM.Build.0 = Release|ARM
		{C8AA56B8-716D-4CBF-947A-C2231F6A3615}.Release|ARM.Deploy.0 = Release|ARM
		{C8AA56B8-716D-4CBF-947A-C2231F6A3615}.Release|x64.ActiveCfg = Release|x64
		{C8AA56B8-716D-4CBF-947A-C2231F6A3615}.Release|x64.Build.0 = Release|x64
		{C8AA56B8-716D-4CBF-947A-C2231F6A3615}.Release|x64.Deploy.0 = Release|x64
		{C8AA56B8-716D-4CBF-947A-C2231F6A3615}.Release|x86.ActiveCfg = Release|x86
		{C8AA56B8-716D-4CBF-947A-C2231F6A3615}.Release|x86.Build.0 = Release|x86
		{C8AA56B8-716D-4CBF-947A-C2231F6A3615}.Release|x86.Deploy.0 = Release|x86
		{3896455F-7B4F-45A0-B4CF-4164CFCF960D}.Debug|Any CPU.ActiveCfg = Debug|Any CPU
		{3896455F-7B4F-45A0-B4CF-4164CFCF960D}.Debug|Any CPU.Build.0 = Debug|Any CPU
		{3896455F-7B4F-45A0-B4CF-4164CFCF960D}.Debug|Any CPU.Deploy.0 = Debug|Any CPU
		{3896455F-7B4F-45A0-B4CF-4164CFCF960D}.Debug|ARM.ActiveCfg = Debug|ARM
		{3896455F-7B4F-45A0-B4CF-4164CFCF960D}.Debug|ARM.Build.0 = Debug|ARM
		{3896455F-7B4F-45A0-B4CF-4164CFCF960D}.Debug|ARM.Deploy.0 = Debug|ARM
		{3896455F-7B4F-45A0-B4CF-4164CFCF960D}.Debug|x64.ActiveCfg = Debug|x64
		{3896455F-7B4F-45A0-B4CF-4164CFCF960D}.Debug|x64.Build.0 = Debug|x64
		{3896455F-7B4F-45A0-B4CF-4164CFCF960D}.Debug|x64.Deploy.0 = Debug|x64
		{3896455F-7B4F-45A0-B4CF-4164CFCF960D}.Debug|x86.ActiveCfg = Debug|x86
		{3896455F-7B4F-45A0-B4CF-4164CFCF960D}.Debug|x86.Build.0 = Debug|x86
		{3896455F-7B4F-45A0-B4CF-4164CFCF960D}.Debug|x86.Deploy.0 = Debug|x86
		{3896455F-7B4F-45A0-B4CF-4164CFCF960D}.Release|Any CPU.ActiveCfg = Release|Any CPU
		{3896455F-7B4F-45A0-B4CF-4164CFCF960D}.Release|Any CPU.Build.0 = Release|Any CPU
		{3896455F-7B4F-45A0-B4CF-4164CFCF960D}.Release|Any CPU.Deploy.0 = Release|Any CPU
		{3896455F-7B4F-45A0-B4CF-4164CFCF960D}.Release|ARM.ActiveCfg = Release|ARM
		{3896455F-7B4F-45A0-B4CF-4164CFCF960D}.Release|ARM.Build.0 = Release|ARM
		{3896455F-7B4F-45A0-B4CF-4164CFCF960D}.Release|ARM.Deploy.0 = Release|ARM
		{3896455F-7B4F-45A0-B4CF-4164CFCF960D}.Release|x64.ActiveCfg = Release|x64
		{3896455F-7B4F-45A0-B4CF-4164CFCF960D}.Release|x64.Build.0 = Release|x64
		{3896455F-7B4F-45A0-B4CF-4164CFCF960D}.Release|x64.Deploy.0 = Release|x64
		{3896455F-7B4F-45A0-B4CF-4164CFCF960D}.Release|x86.ActiveCfg = Release|x86
		{3896455F-7B4F-45A0-B4CF-4164CFCF960D}.Release|x86.Build.0 = Release|x86
		{3896455F-7B4F-45A0-B4CF-4164CFCF960D}.Release|x86.Deploy.0 = Release|x86
		{C8AA56B8-716D-4CBF-947A-C2231F6A3616}.Debug|Any CPU.ActiveCfg = Debug|Any CPU
		{C8AA56B8-716D-4CBF-947A-C2231F6A3616}.Debug|Any CPU.Build.0 = Debug|Any CPU
		{C8AA56B8-716D-4CBF-947A-C2231F6A3616}.Debug|Any CPU.Deploy.0 = Debug|Any CPU
		{C8AA56B8-716D-4CBF-947A-C2231F6A3616}.Debug|ARM.ActiveCfg = Debug|ARM
		{C8AA56B8-716D-4CBF-947A-C2231F6A3616}.Debug|ARM.Build.0 = Debug|ARM
		{C8AA56B8-716D-4CBF-947A-C2231F6A3616}.Debug|ARM.Deploy.0 = Debug|ARM
		{C8AA56B8-716D-4CBF-947A-C2231F6A3616}.Debug|x64.ActiveCfg = Debug|x64
		{C8AA56B8-716D-4CBF-947A-C2231F6A3616}.Debug|x64.Build.0 = Debug|x64
		{C8AA56B8-716D-4CBF-947A-C2231F6A3616}.Debug|x64.Deploy.0 = Debug|x64
		{C8AA56B8-716D-4CBF-947A-C2231F6A3616}.Debug|x86.ActiveCfg = Debug|x86
		{C8AA56B8-716D-4CBF-947A-C2231F6A3616}.Debug|x86.Build.0 = Debug|x86
		{C8AA56B8-716D-4CBF-947A-C2231F6A3616}.Debug|x86.Deploy.0 = Debug|x86
		{C8AA56B8-716D-4CBF-947A-C2231F6A3616}.Release|Any CPU.ActiveCfg = Release|Any CPU
		{C8AA56B8-716D-4CBF-947A-C2231F6A3616}.Release|Any CPU.Build.0 = Release|Any CPU
		{C8AA56B8-716D-4CBF-947A-C2231F6A3616}.Release|Any CPU.Deploy.0 = Release|Any CPU
		{C8AA56B8-716D-4CBF-947A-C2231F6A3616}.Release|ARM.ActiveCfg = Release|ARM
		{C8AA56B8-716D-4CBF-947A-C2231F6A3616}.Release|ARM.Build.0 = Release|ARM
		{C8AA56B8-716D-4CBF-947A-C2231F6A3616}.Release|ARM.Deploy.0 = Release|ARM
		{C8AA56B8-716D-4CBF-947A-C2231F6A3616}.Release|x64.ActiveCfg = Release|x64
		{C8AA56B8-716D-4CBF-947A-C2231F6A3616}.Release|x64.Build.0 = Release|x64
		{C8AA56B8-716D-4CBF-947A-C2231F6A3616}.Release|x64.Deploy.0 = Release|x64
		{C8AA56B8-716D-4CBF-947A-C2231F6A3616}.Release|x86.ActiveCfg = Release|x86
		{C8AA56B8-716D-4CBF-947A-C2231F6A3616}.Release|x86.Build.0 = Release|x86
		{C8AA56B8-716D-4CBF-947A-C2231F6A3616}.Release|x86.Deploy.0 = Release|x86
		{3896455F-7B4F-45A0-B4CF-4164CFCF960E}.Debug|Any CPU.ActiveCfg = Debug|Any CPU
		{3896455F-7B4F-45A0-B4CF-4164CFCF960E}.Debug|Any CPU.Build.0 = Debug|Any CPU
		{3896455F-7B4F-45A0-B4CF-4164CFCF960E}.Debug|Any CPU.Deploy.0 = Debug|Any CPU
		{3896455F-7B4F-45A0-B4CF-4164CFCF960E}.Debug|ARM.ActiveCfg = Debug|ARM
		{3896455F-7B4F-45A0-B4CF-4164CFCF960E}.Debug|ARM.Build.0 = Debug|ARM
		{3896455F-7B4F-45A0-B4CF-4164CFCF960E}.Debug|ARM.Deploy.0 = Debug|ARM
		{3896455F-7B4F-45A0-B4CF-4164CFCF960E}.Debug|x64.ActiveCfg = Debug|x64
		{3896455F-7B4F-45A0-B4CF-4164CFCF960E}.Debug|x64.Build.0 = Debug|x64
		{3896455F-7B4F-45A0-B4CF-4164CFCF960E}.Debug|x64.Deploy.0 = Debug|x64
		{3896455F-7B4F-45A0-B4CF-4164CFCF960E}.Debug|x86.ActiveCfg = Debug|x86
		{3896455F-7B4F-45A0-B4CF-4164CFCF960E}.Debug|x86.Build.0 = Debug|x86
		{3896455F-7B4F-45A0-B4CF-4164CFCF960E}.Debug|x86.Deploy.0 = Debug|x86
		{3896455F-7B4F-45A0-B4CF-4164CFCF960E}.Release|Any CPU.ActiveCfg = Release|Any CPU
		{3896455F-7B4F-45A0-B4CF-4164CFCF960E}.Release|Any CPU.Build.0 = Release|Any CPU
		{3896455F-7B4F-45A0-B4CF-4164CFCF960E}.Release|Any CPU.Deploy.0 = Release|Any CPU
		{3896455F-7B4F-45A0-B4CF-4164CFCF960E}.Release|ARM.ActiveCfg = Release|ARM
		{3896455F-7B4F-45A0-B4CF-4164CFCF960E}.Release|ARM.Build.0 = Release|ARM
		{3896455F-7B4F-45A0-B4CF-4164CFCF960E}.Release|ARM.Deploy.0 = Release|ARM
		{3896455F-7B4F-45A0-B4CF-4164CFCF960E}.Release|x64.ActiveCfg = Release|x64
		{3896455F-7B4F-45A0-B4CF-4164CFCF960E}.Release|x64.Build.0 = Release|x64
		{3896455F-7B4F-45A0-B4CF-4164CFCF960E}.Release|x64.Deploy.0 = Release|x64
		{3896455F-7B4F-45A0-B4CF-4164CFCF960E}.Release|x86.ActiveCfg = Release|x86
		{3896455F-7B4F-45A0-B4CF-4164CFCF960E}.Release|x86.Build.0 = Release|x86
		{3896455F-7B4F-45A0-B4CF-4164CFCF960E}.Release|x86.Deploy.0 = Release|x86
		{C8AA56B8-716D-4CBF-947A-C2231F6A3617}.Debug|Any CPU.ActiveCfg = Debug|Any CPU
		{C8AA56B8-716D-4CBF-947A-C2231F6A3617}.Debug|Any CPU.Build.0 = Debug|Any CPU
		{C8AA56B8-716D-4CBF-947A-C2231F6A3617}.Debug|Any CPU.Deploy.0 = Debug|Any CPU
		{C8AA56B8-716D-4CBF-947A-C2231F6A3617}.Debug|ARM.ActiveCfg = Debug|ARM
		{C8AA56B8-716D-4CBF-947A-C2231F6A3617}.Debug|ARM.Build.0 = Debug|ARM
		{C8AA56B8-716D-4CBF-947A-C2231F6A3617}.Debug|ARM.Deploy.0 = Debug|ARM
		{C8AA56B8-716D-4CBF-947A-C2231F6A3617}.Debug|x64.ActiveCfg = Debug|x64
		{C8AA56B8-716D-4CBF-947A-C2231F6A3617}.Debug|x64.Build.0 = Debug|x64
		{C8AA56B8-716D-4CBF-947A-C2231F6A3617}.Debug|x64.Deploy.0 = Debug|x64
		{C8AA56B8-716D-4CBF-947A-C2231F6A3617}.Debug|x86.ActiveCfg = Debug|x86
		{C8AA56B8-716D-4CBF-947A-C2231F6A3617}.Debug|x86.Build.0 = Debug|x86
		{C8AA56B8-716D-4CBF-947A-C2231F6A3617}.Debug|x86.Deploy.0 = Debug|x86
		{C8AA56B8-716D-4CBF-947A-C2231F6A3617}.Release|Any CPU.ActiveCfg = Release|Any CPU
		{C8AA56B8-716D-4CBF-947A-C2231F6A3617}.Release|Any CPU.Build.0 = Release|Any CPU
		{C8AA56B8-716D-4CBF-947A-C2231F6A3617}.Release|Any CPU.Deploy.0 = Release|Any CPU
		{C8AA56B8-716D-4CBF-947A-C2231F6A3617}.Release|ARM.ActiveCfg = Release|ARM
		{C8AA56B8-716D-4CBF-947A-C2231F6A3617}.Release|ARM.Build.0 = Release|ARM
		{C8AA56B8-716D-4CBF-947A-C2231F6A3617}.Release|ARM.Deploy.0 = Release|ARM
		{C8AA56B8-716D-4CBF-947A-C2231F6A3617}.Release|x64.ActiveCfg = Release|x64
		{C8AA56B8-716D-4CBF-947A-C2231F6A3617}.Release|x64.Build.0 = Release|x64
		{C8AA56B8-716D-4CBF-947A-C2231F6A3617}.Release|x64.Deploy.0 = Release|x64
		{C8AA56B8-716D-4CBF-947A-C2231F6A3617}.Release|x86.ActiveCfg = Release|x86
		{C8AA56B8-716D-4CBF-947A-C2231F6A3617}.Release|x86.Build.0 = Release|x86
		{C8AA56B8-716D-4CBF-947A-C2231F6A3617}.Release|x86.Deploy.0 = Release|x86
		{3896455F-7B4F-45A0-B4CF-4164CFCF960F}.Debug|Any CPU.ActiveCfg = Debug|Any CPU
		{3896455F-7B4F-45A0-B4CF-4164CFCF960F}.Debug|Any CPU.Build.0 = Debug|Any CPU
		{3896455F-7B4F-45A0-B4CF-4164CFCF960F}.Debug|Any CPU.Deploy.0 = Debug|Any CPU
		{3896455F-7B4F-45A0-B4CF-4164CFCF960F}.Debug|ARM.ActiveCfg = Debug|ARM
		{3896455F-7B4F-45A0-B4CF-4164CFCF960F}.Debug|ARM.Build.0 = Debug|ARM
		{3896455F-7B4F-45A0-B4CF-4164CFCF960F}.Debug|ARM.Deploy.0 = Debug|ARM
		{3896455F-7B4F-45A0-B4CF-4164CFCF960F}.Debug|x64.ActiveCfg = Debug|x64
		{3896455F-7B4F-45A0-B4CF-4164CFCF960F}.Debug|x64.Build.0 = Debug|x64
		{3896455F-7B4F-45A0-B4CF-4164CFCF960F}.Debug|x64.Deploy.0 = Debug|x64
		{3896455F-7B4F-45A0-B4CF-4164CFCF960F}.Debug|x86.ActiveCfg = Debug|x86
		{3896455F-7B4F-45A0-B4CF-4164CFCF960F}.Debug|x86.Build.0 = Debug|x86
		{3896455F-7B4F-45A0-B4CF-4164CFCF960F}.Debug|x86.Deploy.0 = Debug|x86
		{3896455F-7B4F-45A0-B4CF-4164CFCF960F}.Release|Any CPU.ActiveCfg = Release|Any CPU
		{3896455F-7B4F-45A0-B4CF-4164CFCF960F}.Release|Any CPU.Build.0 = Release|Any CPU
		{3896455F-7B4F-45A0-B4CF-4164CFCF960F}.Release|Any CPU.Deploy.0 = Release|Any CPU
		{3896455F-7B4F-45A0-B4CF-4164CFCF960F}.Release|ARM.ActiveCfg = Release|ARM
		{3896455F-7B4F-45A0-B4CF-4164CFCF960F}.Release|ARM.Build.0 = Release|ARM
		{3896455F-7B4F-45A0-B4CF-4164CFCF960F}.Release|ARM.Deploy.0 = Release|ARM
		{3896455F-7B4F-45A0-B4CF-4164CFCF960F}.Release|x64.ActiveCfg = Release|x64
		{3896455F-7B4F-45A0-B4CF-4164CFCF960F}.Release|x64.Build.0 = Release|x64
		{3896455F-7B4F-45A0-B4CF-4164CFCF960F}.Release|x64.Deploy.0 = Release|x64
		{3896455F-7B4F-45A0-B4CF-4164CFCF960F}.Release|x86.ActiveCfg = Release|x86
		{3896455F-7B4F-45A0-B4CF-4164CFCF960F}.Release|x86.Build.0 = Release|x86
		{3896455F-7B4F-45A0-B4CF-4164CFCF960F}.Release|x86.Deploy.0 = Release|x86
		{C8AA56B8-716D-4CBF-947A-C2231F6A3618}.Debug|Any CPU.ActiveCfg = Debug|Any CPU
		{C8AA56B8-716D-4CBF-947A-C2231F6A3618}.Debug|Any CPU.Build.0 = Debug|Any CPU
		{C8AA56B8-716D-4CBF-947A-C2231F6A3618}.Debug|Any CPU.Deploy.0 = Debug|Any CPU
		{C8AA56B8-716D-4CBF-947A-C2231F6A3618}.Debug|ARM.ActiveCfg = Debug|ARM
		{C8AA56B8-716D-4CBF-947A-C2231F6A3618}.Debug|ARM.Build.0 = Debug|ARM
		{C8AA56B8-716D-4CBF-947A-C2231F6A3618}.Debug|ARM.Deploy.0 = Debug|ARM
		{C8AA56B8-716D-4CBF-947A-C2231F6A3618}.Debug|x64.ActiveCfg = Debug|x64
		{C8AA56B8-716D-4CBF-947A-C2231F6A3618}.Debug|x64.Build.0 = Debug|x64
		{C8AA56B8-716D-4CBF-947A-C2231F6A3618}.Debug|x64.Deploy.0 = Debug|x64
		{C8AA56B8-716D-4CBF-947A-C2231F6A3618}.Debug|x86.ActiveCfg = Debug|x86
		{C8AA56B8-716D-4CBF-947A-C2231F6A3618}.Debug|x86.Build.0 = Debug|x86
		{C8AA56B8-716D-4CBF-947A-C2231F6A3618}.Debug|x86.Deploy.0 = Debug|x86
		{C8AA56B8-716D-4CBF-947A-C2231F6A3618}.Release|Any CPU.ActiveCfg = Release|Any CPU
		{C8AA56B8-716D-4CBF-947A-C2231F6A3618}.Release|Any CPU.Build.0 = Release|Any CPU
		{C8AA56B8-716D-4CBF-947A-C2231F6A3618}.Release|Any CPU.Deploy.0 = Release|Any CPU
		{C8AA56B8-716D-4CBF-947A-C2231F6A3618}.Release|ARM.ActiveCfg = Release|ARM
		{C8AA56B8-716D-4CBF-947A-C2231F6A3618}.Release|ARM.Build.0 = Release|ARM
		{C8AA56B8-716D-4CBF-947A-C2231F6A3618}.Release|ARM.Deploy.0 = Release|ARM
		{C8AA56B8-716D-4CBF-947A-C2231F6A3618}.Release|x64.ActiveCfg = Release|x64
		{C8AA56B8-716D-4CBF-947A-C2231F6A3618}.Release|x64.Build.0 = Release|x64
		{C8AA56B8-716D-4CBF-947A-C2231F6A3618}.Release|x64.Deploy.0 = Release|x64
		{C8AA56B8-716D-4CBF-947A-C2231F6A3618}.Release|x86.ActiveCfg = Release|x86
		{C8AA56B8-716D-4CBF-947A-C2231F6A3618}.Release|x86.Build.0 = Release|x86
		{C8AA56B8-716D-4CBF-947A-C2231F6A3618}.Release|x86.Deploy.0 = Release|x86
		{3896455F-7B4F-45A0-B4CF-4164CFCF9610}.Debug|Any CPU.ActiveCfg = Debug|Any CPU
		{3896455F-7B4F-45A0-B4CF-4164CFCF9610}.Debug|Any CPU.Build.0 = Debug|Any CPU
		{3896455F-7B4F-45A0-B4CF-4164CFCF9610}.Debug|Any CPU.Deploy.0 = Debug|Any CPU
		{3896455F-7B4F-45A0-B4CF-4164CFCF9610}.Debug|ARM.ActiveCfg = Debug|ARM
		{3896455F-7B4F-45A0-B4CF-4164CFCF9610}.Debug|ARM.Build.0 = Debug|ARM
		{3896455F-7B4F-45A0-B4CF-4164CFCF9610}.Debug|ARM.Deploy.0 = Debug|ARM
		{3896455F-7B4F-45A0-B4CF-4164CFCF9610}.Debug|x64.ActiveCfg = Debug|x64
		{3896455F-7B4F-45A0-B4CF-4164CFCF9610}.Debug|x64.Build.0 = Debug|x64
		{3896455F-7B4F-45A0-B4CF-4164CFCF9610}.Debug|x64.Deploy.0 = Debug|x64
		{3896455F-7B4F-45A0-B4CF-4164CFCF9610}.Debug|x86.ActiveCfg = Debug|x86
		{3896455F-7B4F-45A0-B4CF-4164CFCF9610}.Debug|x86.Build.0 = Debug|x86
		{3896455F-7B4F-45A0-B4CF-4164CFCF9610}.Debug|x86.Deploy.0 = Debug|x86
		{3896455F-7B4F-45A0-B4CF-4164CFCF9610}.Release|Any CPU.ActiveCfg = Release|Any CPU
		{3896455F-7B4F-45A0-B4CF-4164CFCF9610}.Release|Any CPU.Build.0 = Release|Any CPU
		{3896455F-7B4F-45A0-B4CF-4164CFCF9610}.Release|Any CPU.Deploy.0 = Release|Any CPU
		{3896455F-7B4F-45A0-B4CF-4164CFCF9610}.Release|ARM.ActiveCfg = Release|ARM
		{3896455F-7B4F-45A0-B4CF-4164CFCF9610}.Release|ARM.Build.0 = Release|ARM
		{3896455F-7B4F-45A0-B4CF-4164CFCF9610}.Release|ARM.Deploy.0 = Release|ARM
		{3896455F-7B4F-45A0-B4CF-4164CFCF9610}.Release|x64.ActiveCfg = Release|x64
		{3896455F-7B4F-45A0-B4CF-4164CFCF9610}.Release|x64.Build.0 = Release|x64
		{3896455F-7B4F-45A0-B4CF-4164CFCF9610}.Release|x64.Deploy.0 = Release|x64
		{3896455F-7B4F-45A0-B4CF-4164CFCF9610}.Release|x86.ActiveCfg = Release|x86
		{3896455F-7B4F-45A0-B4CF-4164CFCF9610}.Release|x86.Build.0 = Release|x86
		{3896455F-7B4F-45A0-B4CF-4164CFCF9610}.Release|x86.Deploy.0 = Release|x86
		{C8AA56B8-716D-4CBF-947A-C2231F6A3619}.Debug|Any CPU.ActiveCfg = Debug|Any CPU
		{C8AA56B8-716D-4CBF-947A-C2231F6A3619}.Debug|Any CPU.Build.0 = Debug|Any CPU
		{C8AA56B8-716D-4CBF-947A-C2231F6A3619}.Debug|Any CPU.Deploy.0 = Debug|Any CPU
		{C8AA56B8-716D-4CBF-947A-C2231F6A3619}.Debug|ARM.ActiveCfg = Debug|ARM
		{C8AA56B8-716D-4CBF-947A-C2231F6A3619}.Debug|ARM.Build.0 = Debug|ARM
		{C8AA56B8-716D-4CBF-947A-C2231F6A3619}.Debug|ARM.Deploy.0 = Debug|ARM
		{C8AA56B8-716D-4CBF-947A-C2231F6A3619}.Debug|x64.ActiveCfg = Debug|x64
		{C8AA56B8-716D-4CBF-947A-C2231F6A3619}.Debug|x64.Build.0 = Debug|x64
		{C8AA56B8-716D-4CBF-947A-C2231F6A3619}.Debug|x64.Deploy.0 = Debug|x64
		{C8AA56B8-716D-4CBF-947A-C2231F6A3619}.Debug|x86.ActiveCfg = Debug|x86
		{C8AA56B8-716D-4CBF-947A-C2231F6A3619}.Debug|x86.Build.0 = Debug|x86
		{C8AA56B8-716D-4CBF-947A-C2231F6A3619}.Debug|x86.Deploy.0 = Debug|x86
		{C8AA56B8-716D-4CBF-947A-C2231F6A3619}.Release|Any CPU.ActiveCfg = Release|Any CPU
		{C8AA56B8-716D-4CBF-947A-C2231F6A3619}.Release|Any CPU.Build.0 = Release|Any CPU
		{C8AA56B8-716D-4CBF-947A-C2231F6A3619}.Release|Any CPU.Deploy.0 = Release|Any CPU
		{C8AA56B8-716D-4CBF-947A-C2231F6A3619}.Release|ARM.ActiveCfg = Release|ARM
		{C8AA56B8-716D-4CBF-947A-C2231F6A3619}.Release|ARM.Build.0 = Release|ARM
		{C8AA56B8-716D-4CBF-947A-C2231F6A3619}.Release|ARM.Deploy.0 = Release|ARM
		{C8AA56B8-716D-4CBF-947A-C2231F6A3619}.Release|x64.ActiveCfg = Release|x64
		{C8AA56B8-716D-4CBF-947A-C2231F6A3619}.Release|x64.Build.0 = Release|x64
		{C8AA56B8-716D-4CBF-947A-C2231F6A3619}.Release|x64.Deploy.0 = Release|x64
		{C8AA56B8-716D-4CBF-947A-C2231F6A3619}.Release|x86.ActiveCfg = Release|x86
		{C8AA56B8-716D-4CBF-947A-C2231F6A3619}.Release|x86.Build.0 = Release|x86
		{C8AA56B8-716D-4CBF-947A-C2231F6A3619}.Release|x86.Deploy.0 = Release|x86
		{DED8CA29-F7CC-4B4F-8867-877CC4C75E71}.Debug|Any CPU.ActiveCfg = Debug|x86
		{DED8CA29-F7CC-4B4F-8867-877CC4C75E71}.Debug|ARM.ActiveCfg = Debug|ARM
		{DED8CA29-F7CC-4B4F-8867-877CC4C75E71}.Debug|ARM.Build.0 = Debug|ARM
		{DED8CA29-F7CC-4B4F-8867-877CC4C75E71}.Debug|ARM.Deploy.0 = Debug|ARM
		{DED8CA29-F7CC-4B4F-8867-877CC4C75E71}.Debug|x64.ActiveCfg = Debug|x64
		{DED8CA29-F7CC-4B4F-8867-877CC4C75E71}.Debug|x64.Build.0 = Debug|x64
		{DED8CA29-F7CC-4B4F-8867-877CC4C75E71}.Debug|x64.Deploy.0 = Debug|x64
		{DED8CA29-F7CC-4B4F-8867-877CC4C75E71}.Debug|x86.ActiveCfg = Debug|x86
		{DED8CA29-F7CC-4B4F-8867-877CC4C75E71}.Debug|x86.Build.0 = Debug|x86
		{DED8CA29-F7CC-4B4F-8867-877CC4C75E71}.Debug|x86.Deploy.0 = Debug|x86
		{DED8CA29-F7CC-4B4F-8867-877CC4C75E71}.Release|Any CPU.ActiveCfg = Release|x86
		{DED8CA29-F7CC-4B4F-8867-877CC4C75E71}.Release|ARM.ActiveCfg = Release|ARM
		{DED8CA29-F7CC-4B4F-8867-877CC4C75E71}.Release|ARM.Build.0 = Release|ARM
		{DED8CA29-F7CC-4B4F-8867-877CC4C75E71}.Release|ARM.Deploy.0 = Release|ARM
		{DED8CA29-F7CC-4B4F-8867-877CC4C75E71}.Release|x64.ActiveCfg = Release|x64
		{DED8CA29-F7CC-4B4F-8867-877CC4C75E71}.Release|x64.Build.0 = Release|x64
		{DED8CA29-F7CC-4B4F-8867-877CC4C75E71}.Release|x64.Deploy.0 = Release|x64
		{DED8CA29-F7CC-4B4F-8867-877CC4C75E71}.Release|x86.ActiveCfg = Release|x86
		{DED8CA29-F7CC-4B4F-8867-877CC4C75E71}.Release|x86.Build.0 = Release|x86
		{DED8CA29-F7CC-4B4F-8867-877CC4C75E71}.Release|x86.Deploy.0 = Release|x86
		{66EADBAA-9ED3-4176-A3D7-8556856359E5}.Debug|Any CPU.ActiveCfg = Debug|x86
		{66EADBAA-9ED3-4176-A3D7-8556856359E5}.Debug|ARM.ActiveCfg = Debug|ARM
		{66EADBAA-9ED3-4176-A3D7-8556856359E5}.Debug|ARM.Build.0 = Debug|ARM
		{66EADBAA-9ED3-4176-A3D7-8556856359E5}.Debug|ARM.Deploy.0 = Debug|ARM
		{66EADBAA-9ED3-4176-A3D7-8556856359E5}.Debug|x64.ActiveCfg = Debug|x64
		{66EADBAA-9ED3-4176-A3D7-8556856359E5}.Debug|x64.Build.0 = Debug|x64
		{66EADBAA-9ED3-4176-A3D7-8556856359E5}.Debug|x64.Deploy.0 = Debug|x64
		{66EADBAA-9ED3-4176-A3D7-8556856359E5}.Debug|x86.ActiveCfg = Debug|x86
		{66EADBAA-9ED3-4176-A3D7-8556856359E5}.Debug|x86.Build.0 = Debug|x86
		{66EADBAA-9ED3-4176-A3D7-8556856359E5}.Debug|x86.Deploy.0 = Debug|x86
		{66EADBAA-9ED3-4176-A3D7-8556856359E5}.Release|Any CPU.ActiveCfg = Release|x86
		{66EADBAA-9ED3-4176-A3D7-8556856359E5}.Release|ARM.ActiveCfg = Release|ARM
		{66EADBAA-9ED3-4176-A3D7-8556856359E5}.Release|ARM.Build.0 = Release|ARM
		{66EADBAA-9ED3-4176-A3D7-8556856359E5}.Release|ARM.Deploy.0 = Release|ARM
		{66EADBAA-9ED3-4176-A3D7-8556856359E5}.Release|x64.ActiveCfg = Release|x64
		{66EADBAA-9ED3-4176-A3D7-8556856359E5}.Release|x64.Build.0 = Release|x64
		{66EADBAA-9ED3-4176-A3D7-8556856359E5}.Release|x64.Deploy.0 = Release|x64
		{66EADBAA-9ED3-4176-A3D7-8556856359E5}.Release|x86.ActiveCfg = Release|x86
		{66EADBAA-9ED3-4176-A3D7-8556856359E5}.Release|x86.Build.0 = Release|x86
		{66EADBAA-9ED3-4176-A3D7-8556856359E5}.Release|x86.Deploy.0 = Release|x86
		{63B9B08F-2D29-4F12-A5E1-8E8176CF68F6}.Debug|Any CPU.ActiveCfg = Debug|x86
		{63B9B08F-2D29-4F12-A5E1-8E8176CF68F6}.Debug|ARM.ActiveCfg = Debug|ARM
		{63B9B08F-2D29-4F12-A5E1-8E8176CF68F6}.Debug|ARM.Build.0 = Debug|ARM
		{63B9B08F-2D29-4F12-A5E1-8E8176CF68F6}.Debug|ARM.Deploy.0 = Debug|ARM
		{63B9B08F-2D29-4F12-A5E1-8E8176CF68F6}.Debug|x64.ActiveCfg = Debug|x64
		{63B9B08F-2D29-4F12-A5E1-8E8176CF68F6}.Debug|x64.Build.0 = Debug|x64
		{63B9B08F-2D29-4F12-A5E1-8E8176CF68F6}.Debug|x64.Deploy.0 = Debug|x64
		{63B9B08F-2D29-4F12-A5E1-8E8176CF68F6}.Debug|x86.ActiveCfg = Debug|x86
		{63B9B08F-2D29-4F12-A5E1-8E8176CF68F6}.Debug|x86.Build.0 = Debug|x86
		{63B9B08F-2D29-4F12-A5E1-8E8176CF68F6}.Debug|x86.Deploy.0 = Debug|x86
		{63B9B08F-2D29-4F12-A5E1-8E8176CF68F6}.Release|Any CPU.ActiveCfg = Release|x86
		{63B9B08F-2D29-4F12-A5E1-8E8176CF68F6}.Release|ARM.ActiveCfg = Release|ARM
		{63B9B08F-2D29-4F12-A5E1-8E8176CF68F6}.Release|ARM.Build.0 = Release|ARM
		{63B9B08F-2D29-4F12-A5E1-8E8176CF68F6}.Release|ARM.Deploy.0 = Release|ARM
		{63B9B08F-2D29-4F12-A5E1-8E8176CF68F6}.Release|x64.ActiveCfg = Release|x64
		{63B9B08F-2D29-4F12-A5E1-8E8176CF68F6}.Release|x64.Build.0 = Release|x64
		{63B9B08F-2D29-4F12-A5E1-8E8176CF68F6}.Release|x64.Deploy.0 = Release|x64
		{63B9B08F-2D29-4F12-A5E1-8E8176CF68F6}.Release|x86.ActiveCfg = Release|x86
		{63B9B08F-2D29-4F12-A5E1-8E8176CF68F6}.Release|x86.Build.0 = Release|x86
		{63B9B08F-2D29-4F12-A5E1-8E8176CF68F6}.Release|x86.Deploy.0 = Release|x86
		{2466667F-0993-479F-9802-E6812F8A1FCC}.Debug|Any CPU.ActiveCfg = Debug|x86
		{2466667F-0993-479F-9802-E6812F8A1FCC}.Debug|ARM.ActiveCfg = Debug|ARM
		{2466667F-0993-479F-9802-E6812F8A1FCC}.Debug|ARM.Build.0 = Debug|ARM
		{2466667F-0993-479F-9802-E6812F8A1FCC}.Debug|ARM.Deploy.0 = Debug|ARM
		{2466667F-0993-479F-9802-E6812F8A1FCC}.Debug|x64.ActiveCfg = Debug|x64
		{2466667F-0993-479F-9802-E6812F8A1FCC}.Debug|x64.Build.0 = Debug|x64
		{2466667F-0993-479F-9802-E6812F8A1FCC}.Debug|x64.Deploy.0 = Debug|x64
		{2466667F-0993-479F-9802-E6812F8A1FCC}.Debug|x86.ActiveCfg = Debug|x86
		{2466667F-0993-479F-9802-E6812F8A1FCC}.Debug|x86.Build.0 = Debug|x86
		{2466667F-0993-479F-9802-E6812F8A1FCC}.Debug|x86.Deploy.0 = Debug|x86
		{2466667F-0993-479F-9802-E6812F8A1FCC}.Release|Any CPU.ActiveCfg = Release|x86
		{2466667F-0993-479F-9802-E6812F8A1FCC}.Release|ARM.ActiveCfg = Release|ARM
		{2466667F-0993-479F-9802-E6812F8A1FCC}.Release|ARM.Build.0 = Release|ARM
		{2466667F-0993-479F-9802-E6812F8A1FCC}.Release|ARM.Deploy.0 = Release|ARM
		{2466667F-0993-479F-9802-E6812F8A1FCC}.Release|x64.ActiveCfg = Release|x64
		{2466667F-0993-479F-9802-E6812F8A1FCC}.Release|x64.Build.0 = Release|x64
		{2466667F-0993-479F-9802-E6812F8A1FCC}.Release|x64.Deploy.0 = Release|x64
		{2466667F-0993-479F-9802-E6812F8A1FCC}.Release|x86.ActiveCfg = Release|x86
		{2466667F-0993-479F-9802-E6812F8A1FCC}.Release|x86.Build.0 = Release|x86
		{2466667F-0993-479F-9802-E6812F8A1FCC}.Release|x86.Deploy.0 = Release|x86
		{BEBA3361-CA5D-4B7B-800D-65898BDB201F}.Debug|Any CPU.ActiveCfg = Debug|x86
		{BEBA3361-CA5D-4B7B-800D-65898BDB201F}.Debug|ARM.ActiveCfg = Debug|ARM
		{BEBA3361-CA5D-4B7B-800D-65898BDB201F}.Debug|ARM.Build.0 = Debug|ARM
		{BEBA3361-CA5D-4B7B-800D-65898BDB201F}.Debug|ARM.Deploy.0 = Debug|ARM
		{BEBA3361-CA5D-4B7B-800D-65898BDB201F}.Debug|x64.ActiveCfg = Debug|x64
		{BEBA3361-CA5D-4B7B-800D-65898BDB201F}.Debug|x64.Build.0 = Debug|x64
		{BEBA3361-CA5D-4B7B-800D-65898BDB201F}.Debug|x64.Deploy.0 = Debug|x64
		{BEBA3361-CA5D-4B7B-800D-65898BDB201F}.Debug|x86.ActiveCfg = Debug|x86
		{BEBA3361-CA5D-4B7B-800D-65898BDB201F}.Debug|x86.Build.0 = Debug|x86
		{BEBA3361-CA5D-4B7B-800D-65898BDB201F}.Debug|x86.Deploy.0 = Debug|x86
		{BEBA3361-CA5D-4B7B-800D-65898BDB201F}.Release|Any CPU.ActiveCfg = Release|x86
		{BEBA3361-CA5D-4B7B-800D-65898BDB201F}.Release|ARM.ActiveCfg = Release|ARM
		{BEBA3361-CA5D-4B7B-800D-65898BDB201F}.Release|ARM.Build.0 = Release|ARM
		{BEBA3361-CA5D-4B7B-800D-65898BDB201F}.Release|ARM.Deploy.0 = Release|ARM
		{BEBA3361-CA5D-4B7B-800D-65898BDB201F}.Release|x64.ActiveCfg = Release|x64
		{BEBA3361-CA5D-4B7B-800D-65898BDB201F}.Release|x64.Build.0 = Release|x64
		{BEBA3361-CA5D-4B7B-800D-65898BDB201F}.Release|x64.Deploy.0 = Release|x64
		{BEBA3361-CA5D-4B7B-800D-65898BDB201F}.Release|x86.ActiveCfg = Release|x86
		{BEBA3361-CA5D-4B7B-800D-65898BDB201F}.Release|x86.Build.0 = Release|x86
		{BEBA3361-CA5D-4B7B-800D-65898BDB201F}.Release|x86.Deploy.0 = Release|x86
		{220B53D1-E6E3-48CE-B0C6-89ECF44F0ED1}.Debug|Any CPU.ActiveCfg = Debug|x86
		{220B53D1-E6E3-48CE-B0C6-89ECF44F0ED1}.Debug|ARM.ActiveCfg = Debug|ARM
		{220B53D1-E6E3-48CE-B0C6-89ECF44F0ED1}.Debug|ARM.Build.0 = Debug|ARM
		{220B53D1-E6E3-48CE-B0C6-89ECF44F0ED1}.Debug|ARM.Deploy.0 = Debug|ARM
		{220B53D1-E6E3-48CE-B0C6-89ECF44F0ED1}.Debug|x64.ActiveCfg = Debug|x64
		{220B53D1-E6E3-48CE-B0C6-89ECF44F0ED1}.Debug|x64.Build.0 = Debug|x64
		{220B53D1-E6E3-48CE-B0C6-89ECF44F0ED1}.Debug|x64.Deploy.0 = Debug|x64
		{220B53D1-E6E3-48CE-B0C6-89ECF44F0ED1}.Debug|x86.ActiveCfg = Debug|x86
		{220B53D1-E6E3-48CE-B0C6-89ECF44F0ED1}.Debug|x86.Build.0 = Debug|x86
		{220B53D1-E6E3-48CE-B0C6-89ECF44F0ED1}.Debug|x86.Deploy.0 = Debug|x86
		{220B53D1-E6E3-48CE-B0C6-89ECF44F0ED1}.Release|Any CPU.ActiveCfg = Release|x86
		{220B53D1-E6E3-48CE-B0C6-89ECF44F0ED1}.Release|ARM.ActiveCfg = Release|ARM
		{220B53D1-E6E3-48CE-B0C6-89ECF44F0ED1}.Release|ARM.Build.0 = Release|ARM
		{220B53D1-E6E3-48CE-B0C6-89ECF44F0ED1}.Release|ARM.Deploy.0 = Release|ARM
		{220B53D1-E6E3-48CE-B0C6-89ECF44F0ED1}.Release|x64.ActiveCfg = Release|x64
		{220B53D1-E6E3-48CE-B0C6-89ECF44F0ED1}.Release|x64.Build.0 = Release|x64
		{220B53D1-E6E3-48CE-B0C6-89ECF44F0ED1}.Release|x64.Deploy.0 = Release|x64
		{220B53D1-E6E3-48CE-B0C6-89ECF44F0ED1}.Release|x86.ActiveCfg = Release|x86
		{220B53D1-E6E3-48CE-B0C6-89ECF44F0ED1}.Release|x86.Build.0 = Release|x86
		{220B53D1-E6E3-48CE-B0C6-89ECF44F0ED1}.Release|x86.Deploy.0 = Release|x86
		{BCBF60F2-3B72-4E7A-B681-B583955ABBED}.Debug|Any CPU.ActiveCfg = Debug|x86
		{BCBF60F2-3B72-4E7A-B681-B583955ABBED}.Debug|ARM.ActiveCfg = Debug|ARM
		{BCBF60F2-3B72-4E7A-B681-B583955ABBED}.Debug|ARM.Build.0 = Debug|ARM
		{BCBF60F2-3B72-4E7A-B681-B583955ABBED}.Debug|ARM.Deploy.0 = Debug|ARM
		{BCBF60F2-3B72-4E7A-B681-B583955ABBED}.Debug|x64.ActiveCfg = Debug|x64
		{BCBF60F2-3B72-4E7A-B681-B583955ABBED}.Debug|x64.Build.0 = Debug|x64
		{BCBF60F2-3B72-4E7A-B681-B583955ABBED}.Debug|x64.Deploy.0 = Debug|x64
		{BCBF60F2-3B72-4E7A-B681-B583955ABBED}.Debug|x86.ActiveCfg = Debug|x86
		{BCBF60F2-3B72-4E7A-B681-B583955ABBED}.Debug|x86.Build.0 = Debug|x86
		{BCBF60F2-3B72-4E7A-B681-B583955ABBED}.Debug|x86.Deploy.0 = Debug|x86
		{BCBF60F2-3B72-4E7A-B681-B583955ABBED}.Release|Any CPU.ActiveCfg = Release|x86
		{BCBF60F2-3B72-4E7A-B681-B583955ABBED}.Release|ARM.ActiveCfg = Release|ARM
		{BCBF60F2-3B72-4E7A-B681-B583955ABBED}.Release|ARM.Build.0 = Release|ARM
		{BCBF60F2-3B72-4E7A-B681-B583955ABBED}.Release|ARM.Deploy.0 = Release|ARM
		{BCBF60F2-3B72-4E7A-B681-B583955ABBED}.Release|x64.ActiveCfg = Release|x64
		{BCBF60F2-3B72-4E7A-B681-B583955ABBED}.Release|x64.Build.0 = Release|x64
		{BCBF60F2-3B72-4E7A-B681-B583955ABBED}.Release|x64.Deploy.0 = Release|x64
		{BCBF60F2-3B72-4E7A-B681-B583955ABBED}.Release|x86.ActiveCfg = Release|x86
		{BCBF60F2-3B72-4E7A-B681-B583955ABBED}.Release|x86.Build.0 = Release|x86
		{BCBF60F2-3B72-4E7A-B681-B583955ABBED}.Release|x86.Deploy.0 = Release|x86
		{0C89792F-46F1-45C4-A1C3-A41BC2405521}.Debug|Any CPU.ActiveCfg = Debug|x86
		{0C89792F-46F1-45C4-A1C3-A41BC2405521}.Debug|ARM.ActiveCfg = Debug|ARM
		{0C89792F-46F1-45C4-A1C3-A41BC2405521}.Debug|ARM.Build.0 = Debug|ARM
		{0C89792F-46F1-45C4-A1C3-A41BC2405521}.Debug|ARM.Deploy.0 = Debug|ARM
		{0C89792F-46F1-45C4-A1C3-A41BC2405521}.Debug|x64.ActiveCfg = Debug|x64
		{0C89792F-46F1-45C4-A1C3-A41BC2405521}.Debug|x64.Build.0 = Debug|x64
		{0C89792F-46F1-45C4-A1C3-A41BC2405521}.Debug|x64.Deploy.0 = Debug|x64
		{0C89792F-46F1-45C4-A1C3-A41BC2405521}.Debug|x86.ActiveCfg = Debug|x86
		{0C89792F-46F1-45C4-A1C3-A41BC2405521}.Debug|x86.Build.0 = Debug|x86
		{0C89792F-46F1-45C4-A1C3-A41BC2405521}.Debug|x86.Deploy.0 = Debug|x86
		{0C89792F-46F1-45C4-A1C3-A41BC2405521}.Release|Any CPU.ActiveCfg = Release|x86
		{0C89792F-46F1-45C4-A1C3-A41BC2405521}.Release|ARM.ActiveCfg = Release|ARM
		{0C89792F-46F1-45C4-A1C3-A41BC2405521}.Release|ARM.Build.0 = Release|ARM
		{0C89792F-46F1-45C4-A1C3-A41BC2405521}.Release|ARM.Deploy.0 = Release|ARM
		{0C89792F-46F1-45C4-A1C3-A41BC2405521}.Release|x64.ActiveCfg = Release|x64
		{0C89792F-46F1-45C4-A1C3-A41BC2405521}.Release|x64.Build.0 = Release|x64
		{0C89792F-46F1-45C4-A1C3-A41BC2405521}.Release|x64.Deploy.0 = Release|x64
		{0C89792F-46F1-45C4-A1C3-A41BC2405521}.Release|x86.ActiveCfg = Release|x86
		{0C89792F-46F1-45C4-A1C3-A41BC2405521}.Release|x86.Build.0 = Release|x86
		{0C89792F-46F1-45C4-A1C3-A41BC2405521}.Release|x86.Deploy.0 = Release|x86
		{62A903B9-F100-4D39-AB0C-ED742C1A3F57}.Debug|Any CPU.ActiveCfg = Debug|x86
		{62A903B9-F100-4D39-AB0C-ED742C1A3F57}.Debug|ARM.ActiveCfg = Debug|ARM
		{62A903B9-F100-4D39-AB0C-ED742C1A3F57}.Debug|ARM.Build.0 = Debug|ARM
		{62A903B9-F100-4D39-AB0C-ED742C1A3F57}.Debug|ARM.Deploy.0 = Debug|ARM
		{62A903B9-F100-4D39-AB0C-ED742C1A3F57}.Debug|x64.ActiveCfg = Debug|x64
		{62A903B9-F100-4D39-AB0C-ED742C1A3F57}.Debug|x64.Build.0 = Debug|x64
		{62A903B9-F100-4D39-AB0C-ED742C1A3F57}.Debug|x64.Deploy.0 = Debug|x64
		{62A903B9-F100-4D39-AB0C-ED742C1A3F57}.Debug|x86.ActiveCfg = Debug|x86
		{62A903B9-F100-4D39-AB0C-ED742C1A3F57}.Debug|x86.Build.0 = Debug|x86
		{62A903B9-F100-4D39-AB0C-ED742C1A3F57}.Debug|x86.Deploy.0 = Debug|x86
		{62A903B9-F100-4D39-AB0C-ED742C1A3F57}.Release|Any CPU.ActiveCfg = Release|x86
		{62A903B9-F100-4D39-AB0C-ED742C1A3F57}.Release|ARM.ActiveCfg = Release|ARM
		{62A903B9-F100-4D39-AB0C-ED742C1A3F57}.Release|ARM.Build.0 = Release|ARM
		{62A903B9-F100-4D39-AB0C-ED742C1A3F57}.Release|ARM.Deploy.0 = Release|ARM
		{62A903B9-F100-4D39-AB0C-ED742C1A3F57}.Release|x64.ActiveCfg = Release|x64
		{62A903B9-F100-4D39-AB0C-ED742C1A3F57}.Release|x64.Build.0 = Release|x64
		{62A903B9-F100-4D39-AB0C-ED742C1A3F57}.Release|x64.Deploy.0 = Release|x64
		{62A903B9-F100-4D39-AB0C-ED742C1A3F57}.Release|x86.ActiveCfg = Release|x86
		{62A903B9-F100-4D39-AB0C-ED742C1A3F57}.Release|x86.Build.0 = Release|x86
		{62A903B9-F100-4D39-AB0C-ED742C1A3F57}.Release|x86.Deploy.0 = Release|x86
		{5116FD06-E71D-45CC-92F7-0C468F25EE5E}.Debug|Any CPU.ActiveCfg = Debug|x86
		{5116FD06-E71D-45CC-92F7-0C468F25EE5E}.Debug|ARM.ActiveCfg = Debug|ARM
		{5116FD06-E71D-45CC-92F7-0C468F25EE5E}.Debug|ARM.Build.0 = Debug|ARM
		{5116FD06-E71D-45CC-92F7-0C468F25EE5E}.Debug|ARM.Deploy.0 = Debug|ARM
		{5116FD06-E71D-45CC-92F7-0C468F25EE5E}.Debug|x64.ActiveCfg = Debug|x64
		{5116FD06-E71D-45CC-92F7-0C468F25EE5E}.Debug|x64.Build.0 = Debug|x64
		{5116FD06-E71D-45CC-92F7-0C468F25EE5E}.Debug|x64.Deploy.0 = Debug|x64
		{5116FD06-E71D-45CC-92F7-0C468F25EE5E}.Debug|x86.ActiveCfg = Debug|x86
		{5116FD06-E71D-45CC-92F7-0C468F25EE5E}.Debug|x86.Build.0 = Debug|x86
		{5116FD06-E71D-45CC-92F7-0C468F25EE5E}.Debug|x86.Deploy.0 = Debug|x86
		{5116FD06-E71D-45CC-92F7-0C468F25EE5E}.Release|Any CPU.ActiveCfg = Release|x86
		{5116FD06-E71D-45CC-92F7-0C468F25EE5E}.Release|ARM.ActiveCfg = Release|ARM
		{5116FD06-E71D-45CC-92F7-0C468F25EE5E}.Release|ARM.Build.0 = Release|ARM
		{5116FD06-E71D-45CC-92F7-0C468F25EE5E}.Release|ARM.Deploy.0 = Release|ARM
		{5116FD06-E71D-45CC-92F7-0C468F25EE5E}.Release|x64.ActiveCfg = Release|x64
		{5116FD06-E71D-45CC-92F7-0C468F25EE5E}.Release|x64.Build.0 = Release|x64
		{5116FD06-E71D-45CC-92F7-0C468F25EE5E}.Release|x64.Deploy.0 = Release|x64
		{5116FD06-E71D-45CC-92F7-0C468F25EE5E}.Release|x86.ActiveCfg = Release|x86
		{5116FD06-E71D-45CC-92F7-0C468F25EE5E}.Release|x86.Build.0 = Release|x86
		{5116FD06-E71D-45CC-92F7-0C468F25EE5E}.Release|x86.Deploy.0 = Release|x86
		{2D0F8AD8-50BB-453F-805D-3583CF00C46E}.Debug|Any CPU.ActiveCfg = Debug|x86
		{2D0F8AD8-50BB-453F-805D-3583CF00C46E}.Debug|ARM.ActiveCfg = Debug|ARM
		{2D0F8AD8-50BB-453F-805D-3583CF00C46E}.Debug|ARM.Build.0 = Debug|ARM
		{2D0F8AD8-50BB-453F-805D-3583CF00C46E}.Debug|ARM.Deploy.0 = Debug|ARM
		{2D0F8AD8-50BB-453F-805D-3583CF00C46E}.Debug|x64.ActiveCfg = Debug|x64
		{2D0F8AD8-50BB-453F-805D-3583CF00C46E}.Debug|x64.Build.0 = Debug|x64
		{2D0F8AD8-50BB-453F-805D-3583CF00C46E}.Debug|x64.Deploy.0 = Debug|x64
		{2D0F8AD8-50BB-453F-805D-3583CF00C46E}.Debug|x86.ActiveCfg = Debug|x86
		{2D0F8AD8-50BB-453F-805D-3583CF00C46E}.Debug|x86.Build.0 = Debug|x86
		{2D0F8AD8-50BB-453F-805D-3583CF00C46E}.Debug|x86.Deploy.0 = Debug|x86
		{2D0F8AD8-50BB-453F-805D-3583CF00C46E}.Release|Any CPU.ActiveCfg = Release|x86
		{2D0F8AD8-50BB-453F-805D-3583CF00C46E}.Release|ARM.ActiveCfg = Release|ARM
		{2D0F8AD8-50BB-453F-805D-3583CF00C46E}.Release|ARM.Build.0 = Release|ARM
		{2D0F8AD8-50BB-453F-805D-3583CF00C46E}.Release|ARM.Deploy.0 = Release|ARM
		{2D0F8AD8-50BB-453F-805D-3583CF00C46E}.Release|x64.ActiveCfg = Release|x64
		{2D0F8AD8-50BB-453F-805D-3583CF00C46E}.Release|x64.Build.0 = Release|x64
		{2D0F8AD8-50BB-453F-805D-3583CF00C46E}.Release|x64.Deploy.0 = Release|x64
		{2D0F8AD8-50BB-453F-805D-3583CF00C46E}.Release|x86.ActiveCfg = Release|x86
		{2D0F8AD8-50BB-453F-805D-3583CF00C46E}.Release|x86.Build.0 = Release|x86
		{2D0F8AD8-50BB-453F-805D-3583CF00C46E}.Release|x86.Deploy.0 = Release|x86
	EndGlobalSection
	GlobalSection(SolutionProperties) = preSolution
		HideSolutionNode = FALSE
	EndGlobalSection
	GlobalSection(NestedProjects) = preSolution
		{3273F094-2391-4903-A0F5-FA1AADAAAB50} = {4152CD65-F8E7-4163-9A30-25943B22764B}
		{40D1BF32-61C8-4875-9AC0-7A3D408ED8AD} = {4152CD65-F8E7-4163-9A30-25943B22764B}
		{31B8023F-2DC2-4069-991D-A093AA2FA768} = {4152CD65-F8E7-4163-9A30-25943B22764B}
		{C628A594-0F2D-4E1E-AE32-3C2E424A56A3} = {89A6E7D8-0157-41A6-B574-0559F307FF8F}
		{3896455F-7B4F-45A0-B4CF-4164CFCF960A} = {89A6E7D8-0157-41A6-B574-0559F307FF8F}
		{C8AA56B8-716D-4CBF-947A-C2231F6A3613} = {89A6E7D8-0157-41A6-B574-0559F307FF8F}
		{A7869618-18A7-4AB3-8B2D-0CA56AA3CCD1} = {6EDD885A-2644-4F44-8D53-002C0A387667}
		{0A9DDEAD-4EC4-446B-92DB-5CF12D6AFF4D} = {6EDD885A-2644-4F44-8D53-002C0A387667}
		{D0D821F7-697C-479F-A127-480B8D2830B8} = {6EDD885A-2644-4F44-8D53-002C0A387667}
		{B9EC934B-E4E2-4612-B385-7C69A2C3AC64} = {036D9564-88DC-4B95-AE29-A8377EE5784A}
		{6B938A6D-2039-4973-A582-92A5C48215AA} = {036D9564-88DC-4B95-AE29-A8377EE5784A}
		{4868CC82-C285-4A6C-A1FA-8E611F646AC0} = {036D9564-88DC-4B95-AE29-A8377EE5784A}
		{F41CDAE2-0E1D-4B53-9A6F-6A11CF6666AE} = {D6D78E49-CA8B-45E6-89C1-43D4F93B7CD6}
		{18AC6E41-15BB-4FCE-96AC-7ED7F162CB72} = {D6D78E49-CA8B-45E6-89C1-43D4F93B7CD6}
		{C60B383A-4884-4BA1-9331-4D27B54CF8EB} = {D6D78E49-CA8B-45E6-89C1-43D4F93B7CD6}
		{C628A594-0F2D-4E1E-AE32-3C2E424A56A4} = {89A6E7D8-0157-41A6-B574-0559F307FF90}
		{3896455F-7B4F-45A0-B4CF-4164CFCF960B} = {89A6E7D8-0157-41A6-B574-0559F307FF90}
		{C8AA56B8-716D-4CBF-947A-C2231F6A3614} = {89A6E7D8-0157-41A6-B574-0559F307FF90}
		{C628A594-0F2D-4E1E-AE32-3C2E424A56A5} = {89A6E7D8-0157-41A6-B574-0559F307FF91}
		{3896455F-7B4F-45A0-B4CF-4164CFCF960C} = {89A6E7D8-0157-41A6-B574-0559F307FF91}
		{C8AA56B8-716D-4CBF-947A-C2231F6A3615} = {89A6E7D8-0157-41A6-B574-0559F307FF91}
		{C628A594-0F2D-4E1E-AE32-3C2E424A56A6} = {89A6E7D8-0157-41A6-B574-0559F307FF92}
		{3896455F-7B4F-45A0-B4CF-4164CFCF960D} = {89A6E7D8-0157-41A6-B574-0559F307FF92}
		{C8AA56B8-716D-4CBF-947A-C2231F6A3616} = {89A6E7D8-0157-41A6-B574-0559F307FF92}
		{C628A594-0F2D-4E1E-AE32-3C2E424A56A7} = {89A6E7D8-0157-41A6-B574-0559F307FF93}
		{3896455F-7B4F-45A0-B4CF-4164CFCF960E} = {89A6E7D8-0157-41A6-B574-0559F307FF93}
		{C8AA56B8-716D-4CBF-947A-C2231F6A3617} = {89A6E7D8-0157-41A6-B574-0559F307FF93}
		{BD3C7E52-B3C6-47DB-A92A-35CD50D436F4} = {308C2856-D193-477D-BD7D-06ED41AFB27E}
		{E689300F-4733-4FB1-ACE7-18AD3F8FB99C} = {308C2856-D193-477D-BD7D-06ED41AFB27E}
		{C628A594-0F2D-4E1E-AE32-3C2E424A56A8} = {89A6E7D8-0157-41A6-B574-0559F307FF94}
		{3896455F-7B4F-45A0-B4CF-4164CFCF960F} = {89A6E7D8-0157-41A6-B574-0559F307FF94}
		{C8AA56B8-716D-4CBF-947A-C2231F6A3618} = {89A6E7D8-0157-41A6-B574-0559F307FF94}
		{C628A594-0F2D-4E1E-AE32-3C2E424A56A9} = {89A6E7D8-0157-41A6-B574-0559F307FF95}
		{3896455F-7B4F-45A0-B4CF-4164CFCF9610} = {89A6E7D8-0157-41A6-B574-0559F307FF95}
		{C8AA56B8-716D-4CBF-947A-C2231F6A3619} = {89A6E7D8-0157-41A6-B574-0559F307FF95}
		{DED8CA29-F7CC-4B4F-8867-877CC4C75E71} = {89A6E7D8-0157-41A6-B574-0559F307FF8F}
		{66EADBAA-9ED3-4176-A3D7-8556856359E5} = {89A6E7D8-0157-41A6-B574-0559F307FF94}
		{63B9B08F-2D29-4F12-A5E1-8E8176CF68F6} = {89A6E7D8-0157-41A6-B574-0559F307FF93}
		{2466667F-0993-479F-9802-E6812F8A1FCC} = {89A6E7D8-0157-41A6-B574-0559F307FF92}
		{BEBA3361-CA5D-4B7B-800D-65898BDB201F} = {036D9564-88DC-4B95-AE29-A8377EE5784A}
		{220B53D1-E6E3-48CE-B0C6-89ECF44F0ED1} = {89A6E7D8-0157-41A6-B574-0559F307FF90}
		{BCBF60F2-3B72-4E7A-B681-B583955ABBED} = {89A6E7D8-0157-41A6-B574-0559F307FF95}
		{0C89792F-46F1-45C4-A1C3-A41BC2405521} = {6EDD885A-2644-4F44-8D53-002C0A387667}
		{62A903B9-F100-4D39-AB0C-ED742C1A3F57} = {4152CD65-F8E7-4163-9A30-25943B22764B}
		{5116FD06-E71D-45CC-92F7-0C468F25EE5E} = {89A6E7D8-0157-41A6-B574-0559F307FF91}
		{2D0F8AD8-50BB-453F-805D-3583CF00C46E} = {D6D78E49-CA8B-45E6-89C1-43D4F93B7CD6}
	EndGlobalSection
EndGlobal
